// !$*UTF8*$!
{
	archiveVersion = 1;
	classes = {
	};
	objectVersion = 55;
	objects = {

/* Begin PBXBuildFile section */
		0B565F2527A1E5DF0004326D /* DetailsHeaderViewTests.swift in Sources */ = {isa = PBXBuildFile; fileRef = 0B565F2427A1E5DF0004326D /* DetailsHeaderViewTests.swift */; };
		0B6920B727A1DCE600A13C02 /* DetailsHeaderView.swift in Sources */ = {isa = PBXBuildFile; fileRef = 0B6920B627A1DCE600A13C02 /* DetailsHeaderView.swift */; };
		0B6920B927A1DCF500A13C02 /* DetailsHeaderViewModel.swift in Sources */ = {isa = PBXBuildFile; fileRef = 0B6920B827A1DCF500A13C02 /* DetailsHeaderViewModel.swift */; };
		3E5B2F2527A572DE00518C63 /* LaunchView.swift in Sources */ = {isa = PBXBuildFile; fileRef = 3E5B2F2427A572DE00518C63 /* LaunchView.swift */; };
		3E5B2F2727A57D2600518C63 /* LaunchViewModel.swift in Sources */ = {isa = PBXBuildFile; fileRef = 3E5B2F2627A57D2600518C63 /* LaunchViewModel.swift */; };
		3E5B2F2B27A5C64200518C63 /* LaunchRowTests.swift in Sources */ = {isa = PBXBuildFile; fileRef = 3E5B2F2A27A5C64200518C63 /* LaunchRowTests.swift */; };
		3E89C0BF27A2E392008DEC0F /* LaunchRowViewModel.swift in Sources */ = {isa = PBXBuildFile; fileRef = 3E89C0BD27A2E392008DEC0F /* LaunchRowViewModel.swift */; };
		3E89C0C027A2E392008DEC0F /* LaunchRowView.swift in Sources */ = {isa = PBXBuildFile; fileRef = 3E89C0BE27A2E392008DEC0F /* LaunchRowView.swift */; };
		3E89C0C327A2E3FD008DEC0F /* LauncRowTests.swift in Sources */ = {isa = PBXBuildFile; fileRef = 3E89C0C227A2E3FD008DEC0F /* LauncRowTests.swift */; };
		3E942D8F27A2EA2D00A78945 /* RocketDetailsView.swift in Sources */ = {isa = PBXBuildFile; fileRef = 3E942D8E27A2EA2D00A78945 /* RocketDetailsView.swift */; };
		3E942D9127A2EA4400A78945 /* RocketDetailsViewModel.swift in Sources */ = {isa = PBXBuildFile; fileRef = 3E942D9027A2EA4400A78945 /* RocketDetailsViewModel.swift */; };
		3E942D9427A2F24500A78945 /* RocketDetailsTests.swift in Sources */ = {isa = PBXBuildFile; fileRef = 3E942D9327A2F24500A78945 /* RocketDetailsTests.swift */; };
		98B5516F2784D78900AC9086 /* SpaceAppApp.swift in Sources */ = {isa = PBXBuildFile; fileRef = 98B5516E2784D78900AC9086 /* SpaceAppApp.swift */; };
		98B551712784D78900AC9086 /* HomeView.swift in Sources */ = {isa = PBXBuildFile; fileRef = 98B551702784D78900AC9086 /* HomeView.swift */; };
		98B551732784D78E00AC9086 /* Assets.xcassets in Resources */ = {isa = PBXBuildFile; fileRef = 98B551722784D78E00AC9086 /* Assets.xcassets */; };
		98B551762784D78E00AC9086 /* Preview Assets.xcassets in Resources */ = {isa = PBXBuildFile; fileRef = 98B551752784D78E00AC9086 /* Preview Assets.xcassets */; };
		98B551802784D78F00AC9086 /* SpaceAppTests.swift in Sources */ = {isa = PBXBuildFile; fileRef = 98B5517F2784D78F00AC9086 /* SpaceAppTests.swift */; };
		98B5518A2784D78F00AC9086 /* SpaceAppUITests.swift in Sources */ = {isa = PBXBuildFile; fileRef = 98B551892784D78F00AC9086 /* SpaceAppUITests.swift */; };
		98B5518C2784D78F00AC9086 /* SpaceAppUITestsLaunchTests.swift in Sources */ = {isa = PBXBuildFile; fileRef = 98B5518B2784D78F00AC9086 /* SpaceAppUITestsLaunchTests.swift */; };
		98BDC9812784F865003820AD /* ContentType.swift in Sources */ = {isa = PBXBuildFile; fileRef = 98BDC9802784F865003820AD /* ContentType.swift */; };
		98BDC9832784F86F003820AD /* HTTPClient.swift in Sources */ = {isa = PBXBuildFile; fileRef = 98BDC9822784F86F003820AD /* HTTPClient.swift */; };
		98BDC9852784F880003820AD /* HTTPHeaderField.swift in Sources */ = {isa = PBXBuildFile; fileRef = 98BDC9842784F880003820AD /* HTTPHeaderField.swift */; };
		98BDC9872784F888003820AD /* Response.swift in Sources */ = {isa = PBXBuildFile; fileRef = 98BDC9862784F888003820AD /* Response.swift */; };
		98BDC9892784F891003820AD /* NetworkClient.swift in Sources */ = {isa = PBXBuildFile; fileRef = 98BDC9882784F891003820AD /* NetworkClient.swift */; };
		98BDC98B2784F8B5003820AD /* HTTPMethod.swift in Sources */ = {isa = PBXBuildFile; fileRef = 98BDC98A2784F8B5003820AD /* HTTPMethod.swift */; };
		98BDC98D2784F928003820AD /* SpaceXAPIClient.swift in Sources */ = {isa = PBXBuildFile; fileRef = 98BDC98C2784F928003820AD /* SpaceXAPIClient.swift */; };
		98BDC98F2784F9D1003820AD /* AllLaunchesResponse.swift in Sources */ = {isa = PBXBuildFile; fileRef = 98BDC98E2784F9D1003820AD /* AllLaunchesResponse.swift */; };
		A470903527A0941C0009026E /* DetailView.swift in Sources */ = {isa = PBXBuildFile; fileRef = A470903427A0941C0009026E /* DetailView.swift */; };
		A470903727A094550009026E /* DetailViewModel.swift in Sources */ = {isa = PBXBuildFile; fileRef = A470903627A094550009026E /* DetailViewModel.swift */; };
		9F8B0E6D27A0AB0C0049E67F /* SnapshotTesting in Frameworks */ = {isa = PBXBuildFile; productRef = 9F8B0E6C27A0AB0C0049E67F /* SnapshotTesting */; };
		9F8B0E7127A0AB560049E67F /* NextLaunchRowTests.swift in Sources */ = {isa = PBXBuildFile; fileRef = 9F8B0E7027A0AB560049E67F /* NextLaunchRowTests.swift */; };
		A222B35F27A496860054A9CE /* LaunchDetailsView.swift in Sources */ = {isa = PBXBuildFile; fileRef = A222B35E27A496860054A9CE /* LaunchDetailsView.swift */; };
		A222B36127A49DAB0054A9CE /* LaunchDetailsViewModel.swift in Sources */ = {isa = PBXBuildFile; fileRef = A222B36027A49DAB0054A9CE /* LaunchDetailsViewModel.swift */; };
		A222B36527A4D11F0054A9CE /* LaunchDetailsViewTests.swift in Sources */ = {isa = PBXBuildFile; fileRef = A222B36427A4D11F0054A9CE /* LaunchDetailsViewTests.swift */; };
		A222B36727A4DDD80054A9CE /* RootView.swift in Sources */ = {isa = PBXBuildFile; fileRef = A222B36627A4DDD80054A9CE /* RootView.swift */; };
		A2320374279F5C0400A5244B /* NextLaunchRowView.swift in Sources */ = {isa = PBXBuildFile; fileRef = A2320373279F5C0400A5244B /* NextLaunchRowView.swift */; };
		A2320376279F6E1400A5244B /* NextLaunchRowViewModel.swift in Sources */ = {isa = PBXBuildFile; fileRef = A2320375279F6E1400A5244B /* NextLaunchRowViewModel.swift */; };
		A264C55E27A09FC4001DAF9D /* Colors.swift in Sources */ = {isa = PBXBuildFile; fileRef = A264C55D27A09FC4001DAF9D /* Colors.swift */; };
		F018486E27A35D93000A1001 /* NextLaunchView.swift in Sources */ = {isa = PBXBuildFile; fileRef = F018486D27A35D93000A1001 /* NextLaunchView.swift */; };
		F018487127A3680C000A1001 /* NextLaunchViewModel.swift in Sources */ = {isa = PBXBuildFile; fileRef = F018487027A3680C000A1001 /* NextLaunchViewModel.swift */; };
		F09085C827A0572300D0B9D8 /* InfoRowView.swift in Sources */ = {isa = PBXBuildFile; fileRef = F09085C727A0572300D0B9D8 /* InfoRowView.swift */; };
		F09085CB27A0574B00D0B9D8 /* InfoRowViewModel.swift in Sources */ = {isa = PBXBuildFile; fileRef = F09085CA27A0574B00D0B9D8 /* InfoRowViewModel.swift */; };
		F09085D527A0E73A00D0B9D8 /* InfoRowViewTests.swift in Sources */ = {isa = PBXBuildFile; fileRef = F09085D427A0E73900D0B9D8 /* InfoRowViewTests.swift */; };
		F099229827A608E600DD7B72 /* NextLaunchViewTests.swift in Sources */ = {isa = PBXBuildFile; fileRef = F099229727A608E600DD7B72 /* NextLaunchViewTests.swift */; };
/* End PBXBuildFile section */

/* Begin PBXContainerItemProxy section */
		98B5517C2784D78F00AC9086 /* PBXContainerItemProxy */ = {
			isa = PBXContainerItemProxy;
			containerPortal = 98B551632784D78900AC9086 /* Project object */;
			proxyType = 1;
			remoteGlobalIDString = 98B5516A2784D78900AC9086;
			remoteInfo = SpaceApp;
		};
		98B551862784D78F00AC9086 /* PBXContainerItemProxy */ = {
			isa = PBXContainerItemProxy;
			containerPortal = 98B551632784D78900AC9086 /* Project object */;
			proxyType = 1;
			remoteGlobalIDString = 98B5516A2784D78900AC9086;
			remoteInfo = SpaceApp;
		};
/* End PBXContainerItemProxy section */

/* Begin PBXFileReference section */
		0B565F2427A1E5DF0004326D /* DetailsHeaderViewTests.swift */ = {isa = PBXFileReference; lastKnownFileType = sourcecode.swift; path = DetailsHeaderViewTests.swift; sourceTree = "<group>"; };
		0B6920B627A1DCE600A13C02 /* DetailsHeaderView.swift */ = {isa = PBXFileReference; lastKnownFileType = sourcecode.swift; path = DetailsHeaderView.swift; sourceTree = "<group>"; };
		0B6920B827A1DCF500A13C02 /* DetailsHeaderViewModel.swift */ = {isa = PBXFileReference; lastKnownFileType = sourcecode.swift; path = DetailsHeaderViewModel.swift; sourceTree = "<group>"; };
		3E5B2F2427A572DE00518C63 /* LaunchView.swift */ = {isa = PBXFileReference; lastKnownFileType = sourcecode.swift; path = LaunchView.swift; sourceTree = "<group>"; };
		3E5B2F2627A57D2600518C63 /* LaunchViewModel.swift */ = {isa = PBXFileReference; lastKnownFileType = sourcecode.swift; path = LaunchViewModel.swift; sourceTree = "<group>"; };
		3E5B2F2A27A5C64200518C63 /* LaunchRowTests.swift */ = {isa = PBXFileReference; lastKnownFileType = sourcecode.swift; path = LaunchRowTests.swift; sourceTree = "<group>"; };
		3E89C0BD27A2E392008DEC0F /* LaunchRowViewModel.swift */ = {isa = PBXFileReference; fileEncoding = 4; lastKnownFileType = sourcecode.swift; path = LaunchRowViewModel.swift; sourceTree = "<group>"; };
		3E89C0BE27A2E392008DEC0F /* LaunchRowView.swift */ = {isa = PBXFileReference; fileEncoding = 4; lastKnownFileType = sourcecode.swift; path = LaunchRowView.swift; sourceTree = "<group>"; };
		3E89C0C227A2E3FD008DEC0F /* LauncRowTests.swift */ = {isa = PBXFileReference; fileEncoding = 4; lastKnownFileType = sourcecode.swift; path = LauncRowTests.swift; sourceTree = "<group>"; };
		3E942D8E27A2EA2D00A78945 /* RocketDetailsView.swift */ = {isa = PBXFileReference; lastKnownFileType = sourcecode.swift; path = RocketDetailsView.swift; sourceTree = "<group>"; };
		3E942D9027A2EA4400A78945 /* RocketDetailsViewModel.swift */ = {isa = PBXFileReference; lastKnownFileType = sourcecode.swift; path = RocketDetailsViewModel.swift; sourceTree = "<group>"; };
		3E942D9327A2F24500A78945 /* RocketDetailsTests.swift */ = {isa = PBXFileReference; lastKnownFileType = sourcecode.swift; path = RocketDetailsTests.swift; sourceTree = "<group>"; };
		98B5516B2784D78900AC9086 /* SpaceApp.app */ = {isa = PBXFileReference; explicitFileType = wrapper.application; includeInIndex = 0; path = SpaceApp.app; sourceTree = BUILT_PRODUCTS_DIR; };
		98B5516E2784D78900AC9086 /* SpaceAppApp.swift */ = {isa = PBXFileReference; lastKnownFileType = sourcecode.swift; path = SpaceAppApp.swift; sourceTree = "<group>"; };
		98B551702784D78900AC9086 /* HomeView.swift */ = {isa = PBXFileReference; lastKnownFileType = sourcecode.swift; path = HomeView.swift; sourceTree = "<group>"; };
		98B551722784D78E00AC9086 /* Assets.xcassets */ = {isa = PBXFileReference; lastKnownFileType = folder.assetcatalog; path = Assets.xcassets; sourceTree = "<group>"; };
		98B551752784D78E00AC9086 /* Preview Assets.xcassets */ = {isa = PBXFileReference; lastKnownFileType = folder.assetcatalog; path = "Preview Assets.xcassets"; sourceTree = "<group>"; };
		98B5517B2784D78F00AC9086 /* SpaceAppTests.xctest */ = {isa = PBXFileReference; explicitFileType = wrapper.cfbundle; includeInIndex = 0; path = SpaceAppTests.xctest; sourceTree = BUILT_PRODUCTS_DIR; };
		98B5517F2784D78F00AC9086 /* SpaceAppTests.swift */ = {isa = PBXFileReference; lastKnownFileType = sourcecode.swift; path = SpaceAppTests.swift; sourceTree = "<group>"; };
		98B551852784D78F00AC9086 /* SpaceAppUITests.xctest */ = {isa = PBXFileReference; explicitFileType = wrapper.cfbundle; includeInIndex = 0; path = SpaceAppUITests.xctest; sourceTree = BUILT_PRODUCTS_DIR; };
		98B551892784D78F00AC9086 /* SpaceAppUITests.swift */ = {isa = PBXFileReference; lastKnownFileType = sourcecode.swift; path = SpaceAppUITests.swift; sourceTree = "<group>"; };
		98B5518B2784D78F00AC9086 /* SpaceAppUITestsLaunchTests.swift */ = {isa = PBXFileReference; lastKnownFileType = sourcecode.swift; path = SpaceAppUITestsLaunchTests.swift; sourceTree = "<group>"; };
		98BDC9802784F865003820AD /* ContentType.swift */ = {isa = PBXFileReference; lastKnownFileType = sourcecode.swift; path = ContentType.swift; sourceTree = "<group>"; };
		98BDC9822784F86F003820AD /* HTTPClient.swift */ = {isa = PBXFileReference; lastKnownFileType = sourcecode.swift; path = HTTPClient.swift; sourceTree = "<group>"; };
		98BDC9842784F880003820AD /* HTTPHeaderField.swift */ = {isa = PBXFileReference; lastKnownFileType = sourcecode.swift; path = HTTPHeaderField.swift; sourceTree = "<group>"; };
		98BDC9862784F888003820AD /* Response.swift */ = {isa = PBXFileReference; lastKnownFileType = sourcecode.swift; path = Response.swift; sourceTree = "<group>"; };
		98BDC9882784F891003820AD /* NetworkClient.swift */ = {isa = PBXFileReference; lastKnownFileType = sourcecode.swift; path = NetworkClient.swift; sourceTree = "<group>"; };
		98BDC98A2784F8B5003820AD /* HTTPMethod.swift */ = {isa = PBXFileReference; lastKnownFileType = sourcecode.swift; path = HTTPMethod.swift; sourceTree = "<group>"; };
		98BDC98C2784F928003820AD /* SpaceXAPIClient.swift */ = {isa = PBXFileReference; lastKnownFileType = sourcecode.swift; path = SpaceXAPIClient.swift; sourceTree = "<group>"; };
		98BDC98E2784F9D1003820AD /* AllLaunchesResponse.swift */ = {isa = PBXFileReference; lastKnownFileType = sourcecode.swift; path = AllLaunchesResponse.swift; sourceTree = "<group>"; };
		98BDC9902784FBFC003820AD /* Info.plist */ = {isa = PBXFileReference; lastKnownFileType = text.plist.xml; path = Info.plist; sourceTree = "<group>"; };
		A470903427A0941C0009026E /* DetailView.swift */ = {isa = PBXFileReference; lastKnownFileType = sourcecode.swift; path = DetailView.swift; sourceTree = "<group>"; };
		A470903627A094550009026E /* DetailViewModel.swift */ = {isa = PBXFileReference; lastKnownFileType = sourcecode.swift; path = DetailViewModel.swift; sourceTree = "<group>"; };
		9F8B0E7027A0AB560049E67F /* NextLaunchRowTests.swift */ = {isa = PBXFileReference; lastKnownFileType = sourcecode.swift; path = NextLaunchRowTests.swift; sourceTree = "<group>"; };
		A222B35E27A496860054A9CE /* LaunchDetailsView.swift */ = {isa = PBXFileReference; lastKnownFileType = sourcecode.swift; path = LaunchDetailsView.swift; sourceTree = "<group>"; };
		A222B36027A49DAB0054A9CE /* LaunchDetailsViewModel.swift */ = {isa = PBXFileReference; lastKnownFileType = sourcecode.swift; path = LaunchDetailsViewModel.swift; sourceTree = "<group>"; };
		A222B36427A4D11F0054A9CE /* LaunchDetailsViewTests.swift */ = {isa = PBXFileReference; lastKnownFileType = sourcecode.swift; path = LaunchDetailsViewTests.swift; sourceTree = "<group>"; };
		A222B36627A4DDD80054A9CE /* RootView.swift */ = {isa = PBXFileReference; lastKnownFileType = sourcecode.swift; path = RootView.swift; sourceTree = "<group>"; };
		A2320373279F5C0400A5244B /* NextLaunchRowView.swift */ = {isa = PBXFileReference; lastKnownFileType = sourcecode.swift; path = NextLaunchRowView.swift; sourceTree = "<group>"; };
		A2320375279F6E1400A5244B /* NextLaunchRowViewModel.swift */ = {isa = PBXFileReference; lastKnownFileType = sourcecode.swift; path = NextLaunchRowViewModel.swift; sourceTree = "<group>"; };
		A264C55D27A09FC4001DAF9D /* Colors.swift */ = {isa = PBXFileReference; lastKnownFileType = sourcecode.swift; path = Colors.swift; sourceTree = "<group>"; };
		F018486D27A35D93000A1001 /* NextLaunchView.swift */ = {isa = PBXFileReference; lastKnownFileType = sourcecode.swift; path = NextLaunchView.swift; sourceTree = "<group>"; };
		F018487027A3680C000A1001 /* NextLaunchViewModel.swift */ = {isa = PBXFileReference; lastKnownFileType = sourcecode.swift; path = NextLaunchViewModel.swift; sourceTree = "<group>"; };
		F09085C727A0572300D0B9D8 /* InfoRowView.swift */ = {isa = PBXFileReference; lastKnownFileType = sourcecode.swift; path = InfoRowView.swift; sourceTree = "<group>"; };
		F09085CA27A0574B00D0B9D8 /* InfoRowViewModel.swift */ = {isa = PBXFileReference; lastKnownFileType = sourcecode.swift; path = InfoRowViewModel.swift; sourceTree = "<group>"; };
		F09085D427A0E73900D0B9D8 /* InfoRowViewTests.swift */ = {isa = PBXFileReference; lastKnownFileType = sourcecode.swift; path = InfoRowViewTests.swift; sourceTree = "<group>"; };
		F099229727A608E600DD7B72 /* NextLaunchViewTests.swift */ = {isa = PBXFileReference; lastKnownFileType = sourcecode.swift; path = NextLaunchViewTests.swift; sourceTree = "<group>"; };
/* End PBXFileReference section */

/* Begin PBXFrameworksBuildPhase section */
		98B551682784D78900AC9086 /* Frameworks */ = {
			isa = PBXFrameworksBuildPhase;
			buildActionMask = 2147483647;
			files = (
			);
			runOnlyForDeploymentPostprocessing = 0;
		};
		98B551782784D78F00AC9086 /* Frameworks */ = {
			isa = PBXFrameworksBuildPhase;
			buildActionMask = 2147483647;
			files = (
				9F8B0E6D27A0AB0C0049E67F /* SnapshotTesting in Frameworks */,
			);
			runOnlyForDeploymentPostprocessing = 0;
		};
		98B551822784D78F00AC9086 /* Frameworks */ = {
			isa = PBXFrameworksBuildPhase;
			buildActionMask = 2147483647;
			files = (
			);
			runOnlyForDeploymentPostprocessing = 0;
		};
/* End PBXFrameworksBuildPhase section */

/* Begin PBXGroup section */
		0B565F2327A1E5D70004326D /* DetailsHeaderView */ = {
			isa = PBXGroup;
			children = (
				0B565F2427A1E5DF0004326D /* DetailsHeaderViewTests.swift */,
			);
			path = DetailsHeaderView;
			sourceTree = "<group>";
		};
		0B6920B527A1DCC800A13C02 /* DetailsHeaderView */ = {
			isa = PBXGroup;
			children = (
				0B6920B627A1DCE600A13C02 /* DetailsHeaderView.swift */,
				0B6920B827A1DCF500A13C02 /* DetailsHeaderViewModel.swift */,
			);
			path = DetailsHeaderView;
			sourceTree = "<group>";
		};
		3E5B2F2327A572AB00518C63 /* LaunchView */ = {
			isa = PBXGroup;
			children = (
				3E5B2F2427A572DE00518C63 /* LaunchView.swift */,
				3E5B2F2627A57D2600518C63 /* LaunchViewModel.swift */,
			);
			path = LaunchView;
			sourceTree = "<group>";
		};
		3E5B2F2827A5C61000518C63 /* Screens */ = {
			isa = PBXGroup;
			children = (
				3E5B2F2927A5C61D00518C63 /* LaunchRow */,
			);
			path = Screens;
			sourceTree = "<group>";
		};
		3E5B2F2927A5C61D00518C63 /* LaunchRow */ = {
			isa = PBXGroup;
			children = (
				3E5B2F2A27A5C64200518C63 /* LaunchRowTests.swift */,
			);
			path = LaunchRow;
			sourceTree = "<group>";
		};
		3E89C0BC27A2E374008DEC0F /* LaunchRow */ = {
			isa = PBXGroup;
			children = (
				3E89C0BE27A2E392008DEC0F /* LaunchRowView.swift */,
				3E89C0BD27A2E392008DEC0F /* LaunchRowViewModel.swift */,
			);
			path = LaunchRow;
			sourceTree = "<group>";
		};
		3E89C0C127A2E3EF008DEC0F /* LaunchRow */ = {
			isa = PBXGroup;
			children = (
				3E89C0C227A2E3FD008DEC0F /* LauncRowTests.swift */,
			);
			path = LaunchRow;
			sourceTree = "<group>";
		};
		3E942D8D27A2EA1200A78945 /* RocketDetails */ = {
			isa = PBXGroup;
			children = (
				3E942D8E27A2EA2D00A78945 /* RocketDetailsView.swift */,
				3E942D9027A2EA4400A78945 /* RocketDetailsViewModel.swift */,
			);
			path = RocketDetails;
			sourceTree = "<group>";
		};
		3E942D9227A2F22500A78945 /* RocketDetails */ = {
			isa = PBXGroup;
			children = (
				3E942D9327A2F24500A78945 /* RocketDetailsTests.swift */,
			);
			path = RocketDetails;
			sourceTree = "<group>";
		};
		98B551622784D78900AC9086 = {
			isa = PBXGroup;
			children = (
				98B5516D2784D78900AC9086 /* SpaceApp */,
				98B5517E2784D78F00AC9086 /* SpaceAppTests */,
				98B551882784D78F00AC9086 /* SpaceAppUITests */,
				98B5516C2784D78900AC9086 /* Products */,
			);
			sourceTree = "<group>";
		};
		98B5516C2784D78900AC9086 /* Products */ = {
			isa = PBXGroup;
			children = (
				98B5516B2784D78900AC9086 /* SpaceApp.app */,
				98B5517B2784D78F00AC9086 /* SpaceAppTests.xctest */,
				98B551852784D78F00AC9086 /* SpaceAppUITests.xctest */,
			);
			name = Products;
			sourceTree = "<group>";
		};
		98B5516D2784D78900AC9086 /* SpaceApp */ = {
			isa = PBXGroup;
			children = (
				98BDC97C2784F6B3003820AD /* App */,
				98BDC97D2784F6CA003820AD /* Resources */,
				A2320378279F6E4A00A5244B /* Components */,
				98BDC97B2784F6A5003820AD /* Screens */,
				98BDC9772784F674003820AD /* DataManager */,
				98B551742784D78E00AC9086 /* Preview Content */,
			);
			path = SpaceApp;
			sourceTree = "<group>";
		};
		98B551742784D78E00AC9086 /* Preview Content */ = {
			isa = PBXGroup;
			children = (
				98B551752784D78E00AC9086 /* Preview Assets.xcassets */,
			);
			path = "Preview Content";
			sourceTree = "<group>";
		};
		98B5517E2784D78F00AC9086 /* SpaceAppTests */ = {
			isa = PBXGroup;
			children = (
				3E5B2F2827A5C61000518C63 /* Screens */,
				9F8B0E6E27A0AB390049E67F /* Components */,
				A222B36227A4D0310054A9CE /* Screens */,
				98B5517F2784D78F00AC9086 /* SpaceAppTests.swift */,
			);
			path = SpaceAppTests;
			sourceTree = "<group>";
		};
		98B551882784D78F00AC9086 /* SpaceAppUITests */ = {
			isa = PBXGroup;
			children = (
				98B551892784D78F00AC9086 /* SpaceAppUITests.swift */,
				98B5518B2784D78F00AC9086 /* SpaceAppUITestsLaunchTests.swift */,
			);
			path = SpaceAppUITests;
			sourceTree = "<group>";
		};
		98BDC9772784F674003820AD /* DataManager */ = {
			isa = PBXGroup;
			children = (
				98BDC9782784F681003820AD /* Models */,
				98BDC9792784F687003820AD /* APIClient */,
				98BDC97A2784F695003820AD /* NetworkClient */,
			);
			path = DataManager;
			sourceTree = "<group>";
		};
		98BDC9782784F681003820AD /* Models */ = {
			isa = PBXGroup;
			children = (
				98BDC98E2784F9D1003820AD /* AllLaunchesResponse.swift */,
			);
			path = Models;
			sourceTree = "<group>";
		};
		98BDC9792784F687003820AD /* APIClient */ = {
			isa = PBXGroup;
			children = (
				98BDC98C2784F928003820AD /* SpaceXAPIClient.swift */,
			);
			path = APIClient;
			sourceTree = "<group>";
		};
		98BDC97A2784F695003820AD /* NetworkClient */ = {
			isa = PBXGroup;
			children = (
				98BDC9802784F865003820AD /* ContentType.swift */,
				98BDC9822784F86F003820AD /* HTTPClient.swift */,
				98BDC9842784F880003820AD /* HTTPHeaderField.swift */,
				98BDC9862784F888003820AD /* Response.swift */,
				98BDC9882784F891003820AD /* NetworkClient.swift */,
				98BDC98A2784F8B5003820AD /* HTTPMethod.swift */,
			);
			path = NetworkClient;
			sourceTree = "<group>";
		};
		98BDC97B2784F6A5003820AD /* Screens */ = {
			isa = PBXGroup;
			children = (
				A470903327A0940B0009026E /* DetailView */,
				3E5B2F2327A572AB00518C63 /* LaunchView */,
				98B551702784D78900AC9086 /* HomeView.swift */,
				F018486F27A367CF000A1001 /* NextLaunchView */,
				A222B35D27A496470054A9CE /* LaunchDetailsView */,
			);
			path = Screens;
			sourceTree = "<group>";
		};
		98BDC97C2784F6B3003820AD /* App */ = {
			isa = PBXGroup;
			children = (
				98B5516E2784D78900AC9086 /* SpaceAppApp.swift */,
				A222B36627A4DDD80054A9CE /* RootView.swift */,
			);
			path = App;
			sourceTree = "<group>";
		};
		98BDC97D2784F6CA003820AD /* Resources */ = {
			isa = PBXGroup;
			children = (
				98BDC9902784FBFC003820AD /* Info.plist */,
				A264C55D27A09FC4001DAF9D /* Colors.swift */,
				98B551722784D78E00AC9086 /* Assets.xcassets */,
			);
			path = Resources;
			sourceTree = "<group>";
		};
		9F8B0E6E27A0AB390049E67F /* Components */ = {
			isa = PBXGroup;
			children = (
				F099229627A608C700DD7B72 /* NextLaunchView */,
				3E942D9227A2F22500A78945 /* RocketDetails */,
				0B565F2327A1E5D70004326D /* DetailsHeaderView */,
				3E89C0C127A2E3EF008DEC0F /* LaunchRow */,
				F09085D327A0E70400D0B9D8 /* InfoRow */,
				9F8B0E6F27A0AB460049E67F /* NextLaunchRow */,
			);
			path = Components;
			sourceTree = "<group>";
		};
		9F8B0E6F27A0AB460049E67F /* NextLaunchRow */ = {
			isa = PBXGroup;
			children = (
				9F8B0E7027A0AB560049E67F /* NextLaunchRowTests.swift */,
			);
			path = NextLaunchRow;
			sourceTree = "<group>";
		};
		A222B35D27A496470054A9CE /* LaunchDetailsView */ = {
			isa = PBXGroup;
			children = (
				A222B35E27A496860054A9CE /* LaunchDetailsView.swift */,
				A222B36027A49DAB0054A9CE /* LaunchDetailsViewModel.swift */,
			);
			path = LaunchDetailsView;
			sourceTree = "<group>";
		};
		A222B36227A4D0310054A9CE /* Screens */ = {
			isa = PBXGroup;
			children = (
				A222B36327A4D03F0054A9CE /* LaunchDetailsView */,
			);
			path = Screens;
			sourceTree = "<group>";
		};
		A222B36327A4D03F0054A9CE /* LaunchDetailsView */ = {
			isa = PBXGroup;
			children = (
				A222B36427A4D11F0054A9CE /* LaunchDetailsViewTests.swift */,
			);
			path = LaunchDetailsView;
			sourceTree = "<group>";
		};
		A2320377279F6E4200A5244B /* NextLaunchRow */ = {
			isa = PBXGroup;
			children = (
				A2320373279F5C0400A5244B /* NextLaunchRowView.swift */,
				A2320375279F6E1400A5244B /* NextLaunchRowViewModel.swift */,
			);
			path = NextLaunchRow;
			sourceTree = "<group>";
		};
		A2320378279F6E4A00A5244B /* Components */ = {
			isa = PBXGroup;
			children = (
				3E942D8D27A2EA1200A78945 /* RocketDetails */,
				0B6920B527A1DCC800A13C02 /* DetailsHeaderView */,
				3E89C0BC27A2E374008DEC0F /* LaunchRow */,
				A2320377279F6E4200A5244B /* NextLaunchRow */,
				F09085C927A0572B00D0B9D8 /* InfoRow */,
			);
			path = Components;
			sourceTree = "<group>";
		};
		F018486F27A367CF000A1001 /* NextLaunchView */ = {
			isa = PBXGroup;
			children = (
				F018486D27A35D93000A1001 /* NextLaunchView.swift */,
				F018487027A3680C000A1001 /* NextLaunchViewModel.swift */,
			);
			path = NextLaunchView;
			sourceTree = "<group>";
		};
		F09085C927A0572B00D0B9D8 /* InfoRow */ = {
			isa = PBXGroup;
			children = (
				F09085C727A0572300D0B9D8 /* InfoRowView.swift */,
				F09085CA27A0574B00D0B9D8 /* InfoRowViewModel.swift */,
			);
			path = InfoRow;
			sourceTree = "<group>";
		};
		F09085D327A0E70400D0B9D8 /* InfoRow */ = {
			isa = PBXGroup;
			children = (
				F09085D427A0E73900D0B9D8 /* InfoRowViewTests.swift */,
			);
			path = InfoRow;
			sourceTree = "<group>";
		};
		F099229627A608C700DD7B72 /* NextLaunchView */ = {
			isa = PBXGroup;
			children = (
				F099229727A608E600DD7B72 /* NextLaunchViewTests.swift */,
			);
			path = NextLaunchView;
			sourceTree = "<group>";
		};
		A470903327A0940B0009026E /* DetailView */ = {
			isa = PBXGroup;
			children = (
				A470903427A0941C0009026E /* DetailView.swift */,
				A470903627A094550009026E /* DetailViewModel.swift */,
			);
			path = DetailView;
			sourceTree = "<group>";
		};
/* End PBXGroup section */

/* Begin PBXNativeTarget section */
		98B5516A2784D78900AC9086 /* SpaceApp */ = {
			isa = PBXNativeTarget;
			buildConfigurationList = 98B5518F2784D78F00AC9086 /* Build configuration list for PBXNativeTarget "SpaceApp" */;
			buildPhases = (
				98B551672784D78900AC9086 /* Sources */,
				98B551682784D78900AC9086 /* Frameworks */,
				98B551692784D78900AC9086 /* Resources */,
			);
			buildRules = (
			);
			dependencies = (
			);
			name = SpaceApp;
			productName = SpaceApp;
			productReference = 98B5516B2784D78900AC9086 /* SpaceApp.app */;
			productType = "com.apple.product-type.application";
		};
		98B5517A2784D78F00AC9086 /* SpaceAppTests */ = {
			isa = PBXNativeTarget;
			buildConfigurationList = 98B551922784D78F00AC9086 /* Build configuration list for PBXNativeTarget "SpaceAppTests" */;
			buildPhases = (
				98B551772784D78F00AC9086 /* Sources */,
				98B551782784D78F00AC9086 /* Frameworks */,
				98B551792784D78F00AC9086 /* Resources */,
			);
			buildRules = (
			);
			dependencies = (
				98B5517D2784D78F00AC9086 /* PBXTargetDependency */,
			);
			name = SpaceAppTests;
			packageProductDependencies = (
				9F8B0E6C27A0AB0C0049E67F /* SnapshotTesting */,
			);
			productName = SpaceAppTests;
			productReference = 98B5517B2784D78F00AC9086 /* SpaceAppTests.xctest */;
			productType = "com.apple.product-type.bundle.unit-test";
		};
		98B551842784D78F00AC9086 /* SpaceAppUITests */ = {
			isa = PBXNativeTarget;
			buildConfigurationList = 98B551952784D78F00AC9086 /* Build configuration list for PBXNativeTarget "SpaceAppUITests" */;
			buildPhases = (
				98B551812784D78F00AC9086 /* Sources */,
				98B551822784D78F00AC9086 /* Frameworks */,
				98B551832784D78F00AC9086 /* Resources */,
			);
			buildRules = (
			);
			dependencies = (
				98B551872784D78F00AC9086 /* PBXTargetDependency */,
			);
			name = SpaceAppUITests;
			productName = SpaceAppUITests;
			productReference = 98B551852784D78F00AC9086 /* SpaceAppUITests.xctest */;
			productType = "com.apple.product-type.bundle.ui-testing";
		};
/* End PBXNativeTarget section */

/* Begin PBXProject section */
		98B551632784D78900AC9086 /* Project object */ = {
			isa = PBXProject;
			attributes = {
				BuildIndependentTargetsInParallel = 1;
				LastSwiftUpdateCheck = 1320;
				LastUpgradeCheck = 1320;
				TargetAttributes = {
					98B5516A2784D78900AC9086 = {
						CreatedOnToolsVersion = 13.2.1;
					};
					98B5517A2784D78F00AC9086 = {
						CreatedOnToolsVersion = 13.2.1;
						TestTargetID = 98B5516A2784D78900AC9086;
					};
					98B551842784D78F00AC9086 = {
						CreatedOnToolsVersion = 13.2.1;
						TestTargetID = 98B5516A2784D78900AC9086;
					};
				};
			};
			buildConfigurationList = 98B551662784D78900AC9086 /* Build configuration list for PBXProject "SpaceApp" */;
			compatibilityVersion = "Xcode 13.0";
			developmentRegion = en;
			hasScannedForEncodings = 0;
			knownRegions = (
				en,
				Base,
			);
			mainGroup = 98B551622784D78900AC9086;
			packageReferences = (
				9F8B0E6B27A0AB0C0049E67F /* XCRemoteSwiftPackageReference "swift-snapshot-testing" */,
			);
			productRefGroup = 98B5516C2784D78900AC9086 /* Products */;
			projectDirPath = "";
			projectRoot = "";
			targets = (
				98B5516A2784D78900AC9086 /* SpaceApp */,
				98B5517A2784D78F00AC9086 /* SpaceAppTests */,
				98B551842784D78F00AC9086 /* SpaceAppUITests */,
			);
		};
/* End PBXProject section */

/* Begin PBXResourcesBuildPhase section */
		98B551692784D78900AC9086 /* Resources */ = {
			isa = PBXResourcesBuildPhase;
			buildActionMask = 2147483647;
			files = (
				98B551762784D78E00AC9086 /* Preview Assets.xcassets in Resources */,
				98B551732784D78E00AC9086 /* Assets.xcassets in Resources */,
			);
			runOnlyForDeploymentPostprocessing = 0;
		};
		98B551792784D78F00AC9086 /* Resources */ = {
			isa = PBXResourcesBuildPhase;
			buildActionMask = 2147483647;
			files = (
			);
			runOnlyForDeploymentPostprocessing = 0;
		};
		98B551832784D78F00AC9086 /* Resources */ = {
			isa = PBXResourcesBuildPhase;
			buildActionMask = 2147483647;
			files = (
			);
			runOnlyForDeploymentPostprocessing = 0;
		};
/* End PBXResourcesBuildPhase section */

/* Begin PBXSourcesBuildPhase section */
		98B551672784D78900AC9086 /* Sources */ = {
			isa = PBXSourcesBuildPhase;
			buildActionMask = 2147483647;
			files = (
				98B551712784D78900AC9086 /* HomeView.swift in Sources */,
				3E5B2F2527A572DE00518C63 /* LaunchView.swift in Sources */,
				3E942D8F27A2EA2D00A78945 /* RocketDetailsView.swift in Sources */,
				A222B36127A49DAB0054A9CE /* LaunchDetailsViewModel.swift in Sources */,
				98BDC9852784F880003820AD /* HTTPHeaderField.swift in Sources */,
				3E89C0BF27A2E392008DEC0F /* LaunchRowViewModel.swift in Sources */,
				98B5516F2784D78900AC9086 /* SpaceAppApp.swift in Sources */,
				98BDC9832784F86F003820AD /* HTTPClient.swift in Sources */,
				98BDC98B2784F8B5003820AD /* HTTPMethod.swift in Sources */,
				A470903527A0941C0009026E /* DetailView.swift in Sources */,
				A222B36727A4DDD80054A9CE /* RootView.swift in Sources */,
				A222B35F27A496860054A9CE /* LaunchDetailsView.swift in Sources */,
				A2320376279F6E1400A5244B /* NextLaunchRowViewModel.swift in Sources */,
				3E5B2F2727A57D2600518C63 /* LaunchViewModel.swift in Sources */,
				98BDC9892784F891003820AD /* NetworkClient.swift in Sources */,
				A470903727A094550009026E /* DetailViewModel.swift in Sources */,
				98BDC9872784F888003820AD /* Response.swift in Sources */,
				3E942D9127A2EA4400A78945 /* RocketDetailsViewModel.swift in Sources */,
				A264C55E27A09FC4001DAF9D /* Colors.swift in Sources */,
				0B6920B927A1DCF500A13C02 /* DetailsHeaderViewModel.swift in Sources */,
				3E89C0C027A2E392008DEC0F /* LaunchRowView.swift in Sources */,
				98BDC98D2784F928003820AD /* SpaceXAPIClient.swift in Sources */,
				98BDC9812784F865003820AD /* ContentType.swift in Sources */,
				F018486E27A35D93000A1001 /* NextLaunchView.swift in Sources */,
				F09085CB27A0574B00D0B9D8 /* InfoRowViewModel.swift in Sources */,
				A2320374279F5C0400A5244B /* NextLaunchRowView.swift in Sources */,
				98BDC98F2784F9D1003820AD /* AllLaunchesResponse.swift in Sources */,
				0B6920B727A1DCE600A13C02 /* DetailsHeaderView.swift in Sources */,
				F09085C827A0572300D0B9D8 /* InfoRowView.swift in Sources */,
				F018487127A3680C000A1001 /* NextLaunchViewModel.swift in Sources */,
			);
			runOnlyForDeploymentPostprocessing = 0;
		};
		98B551772784D78F00AC9086 /* Sources */ = {
			isa = PBXSourcesBuildPhase;
			buildActionMask = 2147483647;
			files = (
				A222B36527A4D11F0054A9CE /* LaunchDetailsViewTests.swift in Sources */,
				3E89C0C327A2E3FD008DEC0F /* LauncRowTests.swift in Sources */,
				9F8B0E7127A0AB560049E67F /* NextLaunchRowTests.swift in Sources */,
				0B565F2527A1E5DF0004326D /* DetailsHeaderViewTests.swift in Sources */,
				98B551802784D78F00AC9086 /* SpaceAppTests.swift in Sources */,
				3E942D9427A2F24500A78945 /* RocketDetailsTests.swift in Sources */,
				3E5B2F2B27A5C64200518C63 /* LaunchRowTests.swift in Sources */,
				F09085D527A0E73A00D0B9D8 /* InfoRowViewTests.swift in Sources */,
				F099229827A608E600DD7B72 /* NextLaunchViewTests.swift in Sources */,
			);
			runOnlyForDeploymentPostprocessing = 0;
		};
		98B551812784D78F00AC9086 /* Sources */ = {
			isa = PBXSourcesBuildPhase;
			buildActionMask = 2147483647;
			files = (
				98B5518C2784D78F00AC9086 /* SpaceAppUITestsLaunchTests.swift in Sources */,
				98B5518A2784D78F00AC9086 /* SpaceAppUITests.swift in Sources */,
			);
			runOnlyForDeploymentPostprocessing = 0;
		};
/* End PBXSourcesBuildPhase section */

/* Begin PBXTargetDependency section */
		98B5517D2784D78F00AC9086 /* PBXTargetDependency */ = {
			isa = PBXTargetDependency;
			target = 98B5516A2784D78900AC9086 /* SpaceApp */;
			targetProxy = 98B5517C2784D78F00AC9086 /* PBXContainerItemProxy */;
		};
		98B551872784D78F00AC9086 /* PBXTargetDependency */ = {
			isa = PBXTargetDependency;
			target = 98B5516A2784D78900AC9086 /* SpaceApp */;
			targetProxy = 98B551862784D78F00AC9086 /* PBXContainerItemProxy */;
		};
/* End PBXTargetDependency section */

/* Begin XCBuildConfiguration section */
		98B5518D2784D78F00AC9086 /* Debug */ = {
			isa = XCBuildConfiguration;
			buildSettings = {
				ALWAYS_SEARCH_USER_PATHS = NO;
				CLANG_ANALYZER_NONNULL = YES;
				CLANG_ANALYZER_NUMBER_OBJECT_CONVERSION = YES_AGGRESSIVE;
				CLANG_CXX_LANGUAGE_STANDARD = "gnu++17";
				CLANG_CXX_LIBRARY = "libc++";
				CLANG_ENABLE_MODULES = YES;
				CLANG_ENABLE_OBJC_ARC = YES;
				CLANG_ENABLE_OBJC_WEAK = YES;
				CLANG_WARN_BLOCK_CAPTURE_AUTORELEASING = YES;
				CLANG_WARN_BOOL_CONVERSION = YES;
				CLANG_WARN_COMMA = YES;
				CLANG_WARN_CONSTANT_CONVERSION = YES;
				CLANG_WARN_DEPRECATED_OBJC_IMPLEMENTATIONS = YES;
				CLANG_WARN_DIRECT_OBJC_ISA_USAGE = YES_ERROR;
				CLANG_WARN_DOCUMENTATION_COMMENTS = YES;
				CLANG_WARN_EMPTY_BODY = YES;
				CLANG_WARN_ENUM_CONVERSION = YES;
				CLANG_WARN_INFINITE_RECURSION = YES;
				CLANG_WARN_INT_CONVERSION = YES;
				CLANG_WARN_NON_LITERAL_NULL_CONVERSION = YES;
				CLANG_WARN_OBJC_IMPLICIT_RETAIN_SELF = YES;
				CLANG_WARN_OBJC_LITERAL_CONVERSION = YES;
				CLANG_WARN_OBJC_ROOT_CLASS = YES_ERROR;
				CLANG_WARN_QUOTED_INCLUDE_IN_FRAMEWORK_HEADER = YES;
				CLANG_WARN_RANGE_LOOP_ANALYSIS = YES;
				CLANG_WARN_STRICT_PROTOTYPES = YES;
				CLANG_WARN_SUSPICIOUS_MOVE = YES;
				CLANG_WARN_UNGUARDED_AVAILABILITY = YES_AGGRESSIVE;
				CLANG_WARN_UNREACHABLE_CODE = YES;
				CLANG_WARN__DUPLICATE_METHOD_MATCH = YES;
				COPY_PHASE_STRIP = NO;
				DEBUG_INFORMATION_FORMAT = dwarf;
				ENABLE_STRICT_OBJC_MSGSEND = YES;
				ENABLE_TESTABILITY = YES;
				GCC_C_LANGUAGE_STANDARD = gnu11;
				GCC_DYNAMIC_NO_PIC = NO;
				GCC_NO_COMMON_BLOCKS = YES;
				GCC_OPTIMIZATION_LEVEL = 0;
				GCC_PREPROCESSOR_DEFINITIONS = (
					"DEBUG=1",
					"$(inherited)",
				);
				GCC_WARN_64_TO_32_BIT_CONVERSION = YES;
				GCC_WARN_ABOUT_RETURN_TYPE = YES_ERROR;
				GCC_WARN_UNDECLARED_SELECTOR = YES;
				GCC_WARN_UNINITIALIZED_AUTOS = YES_AGGRESSIVE;
				GCC_WARN_UNUSED_FUNCTION = YES;
				GCC_WARN_UNUSED_VARIABLE = YES;
				IPHONEOS_DEPLOYMENT_TARGET = 15.0;
				MTL_ENABLE_DEBUG_INFO = INCLUDE_SOURCE;
				MTL_FAST_MATH = YES;
				ONLY_ACTIVE_ARCH = YES;
				SDKROOT = iphoneos;
				SWIFT_ACTIVE_COMPILATION_CONDITIONS = DEBUG;
				SWIFT_OPTIMIZATION_LEVEL = "-Onone";
			};
			name = Debug;
		};
		98B5518E2784D78F00AC9086 /* Release */ = {
			isa = XCBuildConfiguration;
			buildSettings = {
				ALWAYS_SEARCH_USER_PATHS = NO;
				CLANG_ANALYZER_NONNULL = YES;
				CLANG_ANALYZER_NUMBER_OBJECT_CONVERSION = YES_AGGRESSIVE;
				CLANG_CXX_LANGUAGE_STANDARD = "gnu++17";
				CLANG_CXX_LIBRARY = "libc++";
				CLANG_ENABLE_MODULES = YES;
				CLANG_ENABLE_OBJC_ARC = YES;
				CLANG_ENABLE_OBJC_WEAK = YES;
				CLANG_WARN_BLOCK_CAPTURE_AUTORELEASING = YES;
				CLANG_WARN_BOOL_CONVERSION = YES;
				CLANG_WARN_COMMA = YES;
				CLANG_WARN_CONSTANT_CONVERSION = YES;
				CLANG_WARN_DEPRECATED_OBJC_IMPLEMENTATIONS = YES;
				CLANG_WARN_DIRECT_OBJC_ISA_USAGE = YES_ERROR;
				CLANG_WARN_DOCUMENTATION_COMMENTS = YES;
				CLANG_WARN_EMPTY_BODY = YES;
				CLANG_WARN_ENUM_CONVERSION = YES;
				CLANG_WARN_INFINITE_RECURSION = YES;
				CLANG_WARN_INT_CONVERSION = YES;
				CLANG_WARN_NON_LITERAL_NULL_CONVERSION = YES;
				CLANG_WARN_OBJC_IMPLICIT_RETAIN_SELF = YES;
				CLANG_WARN_OBJC_LITERAL_CONVERSION = YES;
				CLANG_WARN_OBJC_ROOT_CLASS = YES_ERROR;
				CLANG_WARN_QUOTED_INCLUDE_IN_FRAMEWORK_HEADER = YES;
				CLANG_WARN_RANGE_LOOP_ANALYSIS = YES;
				CLANG_WARN_STRICT_PROTOTYPES = YES;
				CLANG_WARN_SUSPICIOUS_MOVE = YES;
				CLANG_WARN_UNGUARDED_AVAILABILITY = YES_AGGRESSIVE;
				CLANG_WARN_UNREACHABLE_CODE = YES;
				CLANG_WARN__DUPLICATE_METHOD_MATCH = YES;
				COPY_PHASE_STRIP = NO;
				DEBUG_INFORMATION_FORMAT = "dwarf-with-dsym";
				ENABLE_NS_ASSERTIONS = NO;
				ENABLE_STRICT_OBJC_MSGSEND = YES;
				GCC_C_LANGUAGE_STANDARD = gnu11;
				GCC_NO_COMMON_BLOCKS = YES;
				GCC_WARN_64_TO_32_BIT_CONVERSION = YES;
				GCC_WARN_ABOUT_RETURN_TYPE = YES_ERROR;
				GCC_WARN_UNDECLARED_SELECTOR = YES;
				GCC_WARN_UNINITIALIZED_AUTOS = YES_AGGRESSIVE;
				GCC_WARN_UNUSED_FUNCTION = YES;
				GCC_WARN_UNUSED_VARIABLE = YES;
				IPHONEOS_DEPLOYMENT_TARGET = 15.0;
				MTL_ENABLE_DEBUG_INFO = NO;
				MTL_FAST_MATH = YES;
				SDKROOT = iphoneos;
				SWIFT_COMPILATION_MODE = wholemodule;
				SWIFT_OPTIMIZATION_LEVEL = "-O";
				VALIDATE_PRODUCT = YES;
			};
			name = Release;
		};
		98B551902784D78F00AC9086 /* Debug */ = {
			isa = XCBuildConfiguration;
			buildSettings = {
				ASSETCATALOG_COMPILER_APPICON_NAME = AppIcon;
				ASSETCATALOG_COMPILER_GLOBAL_ACCENT_COLOR_NAME = AccentColor;
				CODE_SIGN_STYLE = Automatic;
				CURRENT_PROJECT_VERSION = 1;
				DEVELOPMENT_ASSET_PATHS = "\"SpaceApp/Preview Content\"";
				DEVELOPMENT_TEAM = AZJDHZ37UU;
				ENABLE_PREVIEWS = YES;
				GENERATE_INFOPLIST_FILE = YES;
				INFOPLIST_FILE = SpaceApp/Resources/Info.plist;
				INFOPLIST_KEY_UIApplicationSceneManifest_Generation = YES;
				INFOPLIST_KEY_UIApplicationSupportsIndirectInputEvents = YES;
				INFOPLIST_KEY_UILaunchScreen_Generation = YES;
				INFOPLIST_KEY_UISupportedInterfaceOrientations = UIInterfaceOrientationPortrait;
				INFOPLIST_KEY_UISupportedInterfaceOrientations_iPad = "UIInterfaceOrientationPortrait UIInterfaceOrientationPortraitUpsideDown UIInterfaceOrientationLandscapeLeft UIInterfaceOrientationLandscapeRight";
				INFOPLIST_KEY_UISupportedInterfaceOrientations_iPhone = "UIInterfaceOrientationPortrait UIInterfaceOrientationLandscapeLeft UIInterfaceOrientationLandscapeRight";
				IPHONEOS_DEPLOYMENT_TARGET = 15.0;
				LD_RUNPATH_SEARCH_PATHS = (
					"$(inherited)",
					"@executable_path/Frameworks",
				);
				MARKETING_VERSION = 1.0;
				PRODUCT_BUNDLE_IDENTIFIER = com.devpass.SpaceApp;
				PRODUCT_NAME = "$(TARGET_NAME)";
				SWIFT_EMIT_LOC_STRINGS = YES;
				SWIFT_VERSION = 5.0;
				TARGETED_DEVICE_FAMILY = "1,2";
			};
			name = Debug;
		};
		98B551912784D78F00AC9086 /* Release */ = {
			isa = XCBuildConfiguration;
			buildSettings = {
				ASSETCATALOG_COMPILER_APPICON_NAME = AppIcon;
				ASSETCATALOG_COMPILER_GLOBAL_ACCENT_COLOR_NAME = AccentColor;
				CODE_SIGN_STYLE = Automatic;
				CURRENT_PROJECT_VERSION = 1;
				DEVELOPMENT_ASSET_PATHS = "\"SpaceApp/Preview Content\"";
				DEVELOPMENT_TEAM = AZJDHZ37UU;
				ENABLE_PREVIEWS = YES;
				GENERATE_INFOPLIST_FILE = YES;
				INFOPLIST_FILE = SpaceApp/Resources/Info.plist;
				INFOPLIST_KEY_UIApplicationSceneManifest_Generation = YES;
				INFOPLIST_KEY_UIApplicationSupportsIndirectInputEvents = YES;
				INFOPLIST_KEY_UILaunchScreen_Generation = YES;
				INFOPLIST_KEY_UISupportedInterfaceOrientations = UIInterfaceOrientationPortrait;
				INFOPLIST_KEY_UISupportedInterfaceOrientations_iPad = "UIInterfaceOrientationPortrait UIInterfaceOrientationPortraitUpsideDown UIInterfaceOrientationLandscapeLeft UIInterfaceOrientationLandscapeRight";
				INFOPLIST_KEY_UISupportedInterfaceOrientations_iPhone = "UIInterfaceOrientationPortrait UIInterfaceOrientationLandscapeLeft UIInterfaceOrientationLandscapeRight";
				IPHONEOS_DEPLOYMENT_TARGET = 15.0;
				LD_RUNPATH_SEARCH_PATHS = (
					"$(inherited)",
					"@executable_path/Frameworks",
				);
				MARKETING_VERSION = 1.0;
				PRODUCT_BUNDLE_IDENTIFIER = com.devpass.SpaceApp;
				PRODUCT_NAME = "$(TARGET_NAME)";
				SWIFT_EMIT_LOC_STRINGS = YES;
				SWIFT_VERSION = 5.0;
				TARGETED_DEVICE_FAMILY = "1,2";
			};
			name = Release;
		};
		98B551932784D78F00AC9086 /* Debug */ = {
			isa = XCBuildConfiguration;
			buildSettings = {
				ALWAYS_EMBED_SWIFT_STANDARD_LIBRARIES = YES;
				BUNDLE_LOADER = "$(TEST_HOST)";
				CODE_SIGN_STYLE = Automatic;
				CURRENT_PROJECT_VERSION = 1;
				DEVELOPMENT_TEAM = B8F644M47X;
				GENERATE_INFOPLIST_FILE = YES;
				IPHONEOS_DEPLOYMENT_TARGET = 15.0;
				MARKETING_VERSION = 1.0;
				PRODUCT_BUNDLE_IDENTIFIER = com.devpass.SpaceAppTests;
				PRODUCT_NAME = "$(TARGET_NAME)";
				SWIFT_EMIT_LOC_STRINGS = NO;
				SWIFT_VERSION = 5.0;
				TARGETED_DEVICE_FAMILY = "1,2";
				TEST_HOST = "$(BUILT_PRODUCTS_DIR)/SpaceApp.app/SpaceApp";
			};
			name = Debug;
		};
		98B551942784D78F00AC9086 /* Release */ = {
			isa = XCBuildConfiguration;
			buildSettings = {
				ALWAYS_EMBED_SWIFT_STANDARD_LIBRARIES = YES;
				BUNDLE_LOADER = "$(TEST_HOST)";
				CODE_SIGN_STYLE = Automatic;
				CURRENT_PROJECT_VERSION = 1;
				DEVELOPMENT_TEAM = B8F644M47X;
				GENERATE_INFOPLIST_FILE = YES;
				IPHONEOS_DEPLOYMENT_TARGET = 15.0;
				MARKETING_VERSION = 1.0;
				PRODUCT_BUNDLE_IDENTIFIER = com.devpass.SpaceAppTests;
				PRODUCT_NAME = "$(TARGET_NAME)";
				SWIFT_EMIT_LOC_STRINGS = NO;
				SWIFT_VERSION = 5.0;
				TARGETED_DEVICE_FAMILY = "1,2";
				TEST_HOST = "$(BUILT_PRODUCTS_DIR)/SpaceApp.app/SpaceApp";
			};
			name = Release;
		};
		98B551962784D78F00AC9086 /* Debug */ = {
			isa = XCBuildConfiguration;
			buildSettings = {
				ALWAYS_EMBED_SWIFT_STANDARD_LIBRARIES = YES;
				CODE_SIGN_STYLE = Automatic;
				CURRENT_PROJECT_VERSION = 1;
				DEVELOPMENT_TEAM = B8F644M47X;
				GENERATE_INFOPLIST_FILE = YES;
				MARKETING_VERSION = 1.0;
				PRODUCT_BUNDLE_IDENTIFIER = com.devpass.SpaceAppUITests;
				PRODUCT_NAME = "$(TARGET_NAME)";
				SWIFT_EMIT_LOC_STRINGS = NO;
				SWIFT_VERSION = 5.0;
				TARGETED_DEVICE_FAMILY = "1,2";
				TEST_TARGET_NAME = SpaceApp;
			};
			name = Debug;
		};
		98B551972784D78F00AC9086 /* Release */ = {
			isa = XCBuildConfiguration;
			buildSettings = {
				ALWAYS_EMBED_SWIFT_STANDARD_LIBRARIES = YES;
				CODE_SIGN_STYLE = Automatic;
				CURRENT_PROJECT_VERSION = 1;
				DEVELOPMENT_TEAM = B8F644M47X;
				GENERATE_INFOPLIST_FILE = YES;
				MARKETING_VERSION = 1.0;
				PRODUCT_BUNDLE_IDENTIFIER = com.devpass.SpaceAppUITests;
				PRODUCT_NAME = "$(TARGET_NAME)";
				SWIFT_EMIT_LOC_STRINGS = NO;
				SWIFT_VERSION = 5.0;
				TARGETED_DEVICE_FAMILY = "1,2";
				TEST_TARGET_NAME = SpaceApp;
			};
			name = Release;
		};
/* End XCBuildConfiguration section */

/* Begin XCConfigurationList section */
		98B551662784D78900AC9086 /* Build configuration list for PBXProject "SpaceApp" */ = {
			isa = XCConfigurationList;
			buildConfigurations = (
				98B5518D2784D78F00AC9086 /* Debug */,
				98B5518E2784D78F00AC9086 /* Release */,
			);
			defaultConfigurationIsVisible = 0;
			defaultConfigurationName = Release;
		};
		98B5518F2784D78F00AC9086 /* Build configuration list for PBXNativeTarget "SpaceApp" */ = {
			isa = XCConfigurationList;
			buildConfigurations = (
				98B551902784D78F00AC9086 /* Debug */,
				98B551912784D78F00AC9086 /* Release */,
			);
			defaultConfigurationIsVisible = 0;
			defaultConfigurationName = Release;
		};
		98B551922784D78F00AC9086 /* Build configuration list for PBXNativeTarget "SpaceAppTests" */ = {
			isa = XCConfigurationList;
			buildConfigurations = (
				98B551932784D78F00AC9086 /* Debug */,
				98B551942784D78F00AC9086 /* Release */,
			);
			defaultConfigurationIsVisible = 0;
			defaultConfigurationName = Release;
		};
		98B551952784D78F00AC9086 /* Build configuration list for PBXNativeTarget "SpaceAppUITests" */ = {
			isa = XCConfigurationList;
			buildConfigurations = (
				98B551962784D78F00AC9086 /* Debug */,
				98B551972784D78F00AC9086 /* Release */,
			);
			defaultConfigurationIsVisible = 0;
			defaultConfigurationName = Release;
		};
/* End XCConfigurationList section */

/* Begin XCRemoteSwiftPackageReference section */
		9F8B0E6B27A0AB0C0049E67F /* XCRemoteSwiftPackageReference "swift-snapshot-testing" */ = {
			isa = XCRemoteSwiftPackageReference;
			repositoryURL = "https://github.com/pointfreeco/swift-snapshot-testing";
			requirement = {
				kind = upToNextMajorVersion;
				minimumVersion = 1.0.0;
			};
		};
/* End XCRemoteSwiftPackageReference section */

/* Begin XCSwiftPackageProductDependency section */
		9F8B0E6C27A0AB0C0049E67F /* SnapshotTesting */ = {
			isa = XCSwiftPackageProductDependency;
			package = 9F8B0E6B27A0AB0C0049E67F /* XCRemoteSwiftPackageReference "swift-snapshot-testing" */;
			productName = SnapshotTesting;
		};
/* End XCSwiftPackageProductDependency section */
	};
	rootObject = 98B551632784D78900AC9086 /* Project object */;
}
