// !$*UTF8*$!
{
	archiveVersion = 1;
	classes = {
	};
	objectVersion = 55;
	objects = {

/* Begin PBXBuildFile section */
		7A0E950727D950CD00F04843 /* SpaceButtonStyle.swift in Sources */ = {isa = PBXBuildFile; fileRef = 7A0E950627D950CD00F04843 /* SpaceButtonStyle.swift */; };
		7A0E950A27D9FB5F00F04843 /* DS+MaxLines.swift in Sources */ = {isa = PBXBuildFile; fileRef = 7A0E950927D9FB5F00F04843 /* DS+MaxLines.swift */; };
		7A0E950C27D9FD5F00F04843 /* DS+Spacing.swift in Sources */ = {isa = PBXBuildFile; fileRef = 7A0E950B27D9FD5F00F04843 /* DS+Spacing.swift */; };
		7A0E950E27DA006700F04843 /* DS.swift in Sources */ = {isa = PBXBuildFile; fileRef = 7A0E950D27DA006700F04843 /* DS.swift */; };
		7A0E951027DA018100F04843 /* DS+Padding.swift in Sources */ = {isa = PBXBuildFile; fileRef = 7A0E950F27DA018100F04843 /* DS+Padding.swift */; };
		7A0E951227DA068A00F04843 /* DS+CornerRadius.swift in Sources */ = {isa = PBXBuildFile; fileRef = 7A0E951127DA068A00F04843 /* DS+CornerRadius.swift */; };
		7A60612827D7DE1800279648 /* LaunchDetailsBodyView.swift in Sources */ = {isa = PBXBuildFile; fileRef = 7A60612727D7DE1800279648 /* LaunchDetailsBodyView.swift */; };
		98B5516F2784D78900AC9086 /* SpaceAppApp.swift in Sources */ = {isa = PBXBuildFile; fileRef = 98B5516E2784D78900AC9086 /* SpaceAppApp.swift */; };
		98B551712784D78900AC9086 /* HomeScene.swift in Sources */ = {isa = PBXBuildFile; fileRef = 98B551702784D78900AC9086 /* HomeScene.swift */; };
		98B551732784D78E00AC9086 /* Assets.xcassets in Resources */ = {isa = PBXBuildFile; fileRef = 98B551722784D78E00AC9086 /* Assets.xcassets */; };
		98B551762784D78E00AC9086 /* Preview Assets.xcassets in Resources */ = {isa = PBXBuildFile; fileRef = 98B551752784D78E00AC9086 /* Preview Assets.xcassets */; };
		98B551802784D78F00AC9086 /* SpaceAppTests.swift in Sources */ = {isa = PBXBuildFile; fileRef = 98B5517F2784D78F00AC9086 /* SpaceAppTests.swift */; };
		98BDC9812784F865003820AD /* ContentType.swift in Sources */ = {isa = PBXBuildFile; fileRef = 98BDC9802784F865003820AD /* ContentType.swift */; };
		98BDC9832784F86F003820AD /* HTTPClient.swift in Sources */ = {isa = PBXBuildFile; fileRef = 98BDC9822784F86F003820AD /* HTTPClient.swift */; };
		98BDC9852784F880003820AD /* HTTPHeaderField.swift in Sources */ = {isa = PBXBuildFile; fileRef = 98BDC9842784F880003820AD /* HTTPHeaderField.swift */; };
		98BDC9872784F888003820AD /* Response.swift in Sources */ = {isa = PBXBuildFile; fileRef = 98BDC9862784F888003820AD /* Response.swift */; };
		98BDC9892784F891003820AD /* NetworkClient.swift in Sources */ = {isa = PBXBuildFile; fileRef = 98BDC9882784F891003820AD /* NetworkClient.swift */; };
		98BDC98B2784F8B5003820AD /* HTTPMethod.swift in Sources */ = {isa = PBXBuildFile; fileRef = 98BDC98A2784F8B5003820AD /* HTTPMethod.swift */; };
		98BDC98D2784F928003820AD /* SpaceXAPIClient.swift in Sources */ = {isa = PBXBuildFile; fileRef = 98BDC98C2784F928003820AD /* SpaceXAPIClient.swift */; };
		98BDC98F2784F9D1003820AD /* AllLaunchesResponse.swift in Sources */ = {isa = PBXBuildFile; fileRef = 98BDC98E2784F9D1003820AD /* AllLaunchesResponse.swift */; };
		E50FB67F27D602F700DFD1DD /* HomeViewModel.swift in Sources */ = {isa = PBXBuildFile; fileRef = E50FB67E27D602F700DFD1DD /* HomeViewModel.swift */; };
/* End PBXBuildFile section */

/* Begin PBXContainerItemProxy section */
		98B5517C2784D78F00AC9086 /* PBXContainerItemProxy */ = {
			isa = PBXContainerItemProxy;
			containerPortal = 98B551632784D78900AC9086 /* Project object */;
			proxyType = 1;
			remoteGlobalIDString = 98B5516A2784D78900AC9086;
			remoteInfo = SpaceApp;
		};
/* End PBXContainerItemProxy section */

/* Begin PBXFileReference section */
		7A0E950627D950CD00F04843 /* SpaceButtonStyle.swift */ = {isa = PBXFileReference; lastKnownFileType = sourcecode.swift; name = SpaceButtonStyle.swift; path = Buttons/Styles/SpaceButtonStyle.swift; sourceTree = SOURCE_ROOT; };
		7A0E950927D9FB5F00F04843 /* DS+MaxLines.swift */ = {isa = PBXFileReference; lastKnownFileType = sourcecode.swift; name = "DS+MaxLines.swift"; path = "DesignSystem/DS+MaxLines.swift"; sourceTree = SOURCE_ROOT; };
		7A0E950B27D9FD5F00F04843 /* DS+Spacing.swift */ = {isa = PBXFileReference; lastKnownFileType = sourcecode.swift; name = "DS+Spacing.swift"; path = "DesignSystem/DS+Spacing.swift"; sourceTree = SOURCE_ROOT; };
		7A0E950D27DA006700F04843 /* DS.swift */ = {isa = PBXFileReference; lastKnownFileType = sourcecode.swift; name = DS.swift; path = DesignSystem/DS.swift; sourceTree = SOURCE_ROOT; };
		7A0E950F27DA018100F04843 /* DS+Padding.swift */ = {isa = PBXFileReference; lastKnownFileType = sourcecode.swift; name = "DS+Padding.swift"; path = "DesignSystem/DS+Padding.swift"; sourceTree = SOURCE_ROOT; };
		7A0E951127DA068A00F04843 /* DS+CornerRadius.swift */ = {isa = PBXFileReference; lastKnownFileType = sourcecode.swift; name = "DS+CornerRadius.swift"; path = "DesignSystem/DS+CornerRadius.swift"; sourceTree = SOURCE_ROOT; };
		7A60612727D7DE1800279648 /* LaunchDetailsBodyView.swift */ = {isa = PBXFileReference; lastKnownFileType = sourcecode.swift; name = LaunchDetailsBodyView.swift; path = Details/Scenes/LaunchDetails/Views/LaunchDetailsBodyView.swift; sourceTree = "<group>"; };
		98B5516B2784D78900AC9086 /* SpaceApp.app */ = {isa = PBXFileReference; explicitFileType = wrapper.application; includeInIndex = 0; path = SpaceApp.app; sourceTree = BUILT_PRODUCTS_DIR; };
		98B5516E2784D78900AC9086 /* SpaceAppApp.swift */ = {isa = PBXFileReference; lastKnownFileType = sourcecode.swift; path = SpaceAppApp.swift; sourceTree = "<group>"; };
		98B551702784D78900AC9086 /* HomeScene.swift */ = {isa = PBXFileReference; lastKnownFileType = sourcecode.swift; path = HomeScene.swift; sourceTree = "<group>"; };
		98B551722784D78E00AC9086 /* Assets.xcassets */ = {isa = PBXFileReference; lastKnownFileType = folder.assetcatalog; path = Assets.xcassets; sourceTree = "<group>"; };
		98B551752784D78E00AC9086 /* Preview Assets.xcassets */ = {isa = PBXFileReference; lastKnownFileType = folder.assetcatalog; path = "Preview Assets.xcassets"; sourceTree = "<group>"; };
		98B5517B2784D78F00AC9086 /* SpaceAppTests.xctest */ = {isa = PBXFileReference; explicitFileType = wrapper.cfbundle; includeInIndex = 0; path = SpaceAppTests.xctest; sourceTree = BUILT_PRODUCTS_DIR; };
		98B5517F2784D78F00AC9086 /* SpaceAppTests.swift */ = {isa = PBXFileReference; lastKnownFileType = sourcecode.swift; path = SpaceAppTests.swift; sourceTree = "<group>"; };
		98BDC9802784F865003820AD /* ContentType.swift */ = {isa = PBXFileReference; lastKnownFileType = sourcecode.swift; path = ContentType.swift; sourceTree = "<group>"; };
		98BDC9822784F86F003820AD /* HTTPClient.swift */ = {isa = PBXFileReference; lastKnownFileType = sourcecode.swift; path = HTTPClient.swift; sourceTree = "<group>"; };
		98BDC9842784F880003820AD /* HTTPHeaderField.swift */ = {isa = PBXFileReference; lastKnownFileType = sourcecode.swift; path = HTTPHeaderField.swift; sourceTree = "<group>"; };
		98BDC9862784F888003820AD /* Response.swift */ = {isa = PBXFileReference; lastKnownFileType = sourcecode.swift; path = Response.swift; sourceTree = "<group>"; };
		98BDC9882784F891003820AD /* NetworkClient.swift */ = {isa = PBXFileReference; lastKnownFileType = sourcecode.swift; path = NetworkClient.swift; sourceTree = "<group>"; };
		98BDC98A2784F8B5003820AD /* HTTPMethod.swift */ = {isa = PBXFileReference; lastKnownFileType = sourcecode.swift; path = HTTPMethod.swift; sourceTree = "<group>"; };
		98BDC98C2784F928003820AD /* SpaceXAPIClient.swift */ = {isa = PBXFileReference; lastKnownFileType = sourcecode.swift; path = SpaceXAPIClient.swift; sourceTree = "<group>"; };
		98BDC98E2784F9D1003820AD /* AllLaunchesResponse.swift */ = {isa = PBXFileReference; lastKnownFileType = sourcecode.swift; path = AllLaunchesResponse.swift; sourceTree = "<group>"; };
		98BDC9902784FBFC003820AD /* Info.plist */ = {isa = PBXFileReference; lastKnownFileType = text.plist.xml; path = Info.plist; sourceTree = "<group>"; };
		E50FB67E27D602F700DFD1DD /* HomeViewModel.swift */ = {isa = PBXFileReference; lastKnownFileType = sourcecode.swift; path = HomeViewModel.swift; sourceTree = "<group>"; };
/* End PBXFileReference section */

/* Begin PBXFrameworksBuildPhase section */
		98B551682784D78900AC9086 /* Frameworks */ = {
			isa = PBXFrameworksBuildPhase;
			buildActionMask = 2147483647;
			files = (
			);
			runOnlyForDeploymentPostprocessing = 0;
		};
		98B551782784D78F00AC9086 /* Frameworks */ = {
			isa = PBXFrameworksBuildPhase;
			buildActionMask = 2147483647;
			files = (
			);
			runOnlyForDeploymentPostprocessing = 0;
		};
/* End PBXFrameworksBuildPhase section */

/* Begin PBXGroup section */
		7A0E950527D950BC00F04843 /* Styles */ = {
			isa = PBXGroup;
			children = (
				7A0E950627D950CD00F04843 /* SpaceButtonStyle.swift */,
			);
			path = Styles;
			sourceTree = "<group>";
		};
		7A60612427D7DD0800279648 /* Views */ = {
			isa = PBXGroup;
			children = (
				7A60612727D7DE1800279648 /* LaunchDetailsBodyView.swift */,
			);
			name = Views;
			sourceTree = "<group>";
		};
		98B551622784D78900AC9086 = {
			isa = PBXGroup;
			children = (
				98B5516D2784D78900AC9086 /* SpaceApp */,
				98B5517E2784D78F00AC9086 /* SpaceAppTests */,
				98B5516C2784D78900AC9086 /* Products */,
			);
			sourceTree = "<group>";
		};
		98B5516C2784D78900AC9086 /* Products */ = {
			isa = PBXGroup;
			children = (
				98B5516B2784D78900AC9086 /* SpaceApp.app */,
				98B5517B2784D78F00AC9086 /* SpaceAppTests.xctest */,
			);
			name = Products;
			sourceTree = "<group>";
		};
		98B5516D2784D78900AC9086 /* SpaceApp */ = {
			isa = PBXGroup;
			children = (
				98BDC97C2784F6B3003820AD /* Application */,
				E50FB66C27D5FF3A00DFD1DD /* Modules */,
				98BDC97D2784F6CA003820AD /* Resources */,
				98B551742784D78E00AC9086 /* Preview Content */,
			);
			path = SpaceApp;
			sourceTree = "<group>";
		};
		98B551742784D78E00AC9086 /* Preview Content */ = {
			isa = PBXGroup;
			children = (
				98B551752784D78E00AC9086 /* Preview Assets.xcassets */,
			);
			path = "Preview Content";
			sourceTree = "<group>";
		};
		98B5517E2784D78F00AC9086 /* SpaceAppTests */ = {
			isa = PBXGroup;
			children = (
				98B5517F2784D78F00AC9086 /* SpaceAppTests.swift */,
			);
			path = SpaceAppTests;
			sourceTree = "<group>";
		};
		98BDC9782784F681003820AD /* Models */ = {
			isa = PBXGroup;
			children = (
				98BDC98E2784F9D1003820AD /* AllLaunchesResponse.swift */,
			);
			path = Models;
			sourceTree = "<group>";
		};
		98BDC97A2784F695003820AD /* Devpass-Example-NetworkClient */ = {
			isa = PBXGroup;
			children = (
				98BDC9802784F865003820AD /* ContentType.swift */,
				98BDC9822784F86F003820AD /* HTTPClient.swift */,
				98BDC9842784F880003820AD /* HTTPHeaderField.swift */,
				98BDC9862784F888003820AD /* Response.swift */,
				98BDC9882784F891003820AD /* NetworkClient.swift */,
				98BDC98A2784F8B5003820AD /* HTTPMethod.swift */,
			);
			path = "Devpass-Example-NetworkClient";
			sourceTree = "<group>";
		};
		98BDC97C2784F6B3003820AD /* Application */ = {
			isa = PBXGroup;
			children = (
				98B5516E2784D78900AC9086 /* SpaceAppApp.swift */,
			);
			path = Application;
			sourceTree = "<group>";
		};
		98BDC97D2784F6CA003820AD /* Resources */ = {
			isa = PBXGroup;
			children = (
				98BDC9902784FBFC003820AD /* Info.plist */,
				98B551722784D78E00AC9086 /* Assets.xcassets */,
			);
			path = Resources;
			sourceTree = "<group>";
		};
		E50FB66C27D5FF3A00DFD1DD /* Modules */ = {
			isa = PBXGroup;
			children = (
				E50FB66E27D5FF5200DFD1DD /* Core */,
				E50FB66D27D5FF4F00DFD1DD /* Features */,
			);
			path = Modules;
			sourceTree = "<group>";
		};
		E50FB66D27D5FF4F00DFD1DD /* Features */ = {
			isa = PBXGroup;
			children = (
				E50FB67527D6000D00DFD1DD /* Home */,
				E50FB67727D6001900DFD1DD /* Details */,
				E50FB67627D6001100DFD1DD /* Launches */,
			);
			path = Features;
			sourceTree = "<group>";
		};
		E50FB66E27D5FF5200DFD1DD /* Core */ = {
			isa = PBXGroup;
			children = (
				E50FB67427D5FF8D00DFD1DD /* Networking */,
				E50FB67327D5FF7D00DFD1DD /* Services */,
				E50FB66F27D5FF5F00DFD1DD /* UI */,
			);
			path = Core;
			sourceTree = "<group>";
		};
		E50FB66F27D5FF5F00DFD1DD /* UI */ = {
			isa = PBXGroup;
			children = (
				E50FB67227D5FF7300DFD1DD /* Extensions */,
				E50FB67127D5FF6A00DFD1DD /* DesignSystem */,
				E50FB67027D5FF6500DFD1DD /* Components */,
			);
			path = UI;
			sourceTree = "<group>";
		};
		E50FB67027D5FF6500DFD1DD /* Components */ = {
			isa = PBXGroup;
			children = (
				E50FB68427D6150E00DFD1DD /* Views */,
				E50FB68327D6150600DFD1DD /* Buttons */,
			);
			path = Components;
			sourceTree = "<group>";
		};
		E50FB67127D5FF6A00DFD1DD /* DesignSystem */ = {
			isa = PBXGroup;
			children = (
				7A0E951127DA068A00F04843 /* DS+CornerRadius.swift */,
				7A0E950927D9FB5F00F04843 /* DS+MaxLines.swift */,
				7A0E950B27D9FD5F00F04843 /* DS+Spacing.swift */,
				7A0E950F27DA018100F04843 /* DS+Padding.swift */,
				7A0E950D27DA006700F04843 /* DS.swift */,
			);
			path = DesignSystem;
			sourceTree = "<group>";
		};
		E50FB67227D5FF7300DFD1DD /* Extensions */ = {
			isa = PBXGroup;
			children = (
			);
			path = Extensions;
			sourceTree = "<group>";
		};
		E50FB67327D5FF7D00DFD1DD /* Services */ = {
			isa = PBXGroup;
			children = (
				E50FB68627D617BC00DFD1DD /* DevpassExample-APIClient */,
			);
			path = Services;
			sourceTree = "<group>";
		};
		E50FB67427D5FF8D00DFD1DD /* Networking */ = {
			isa = PBXGroup;
			children = (
				98BDC97A2784F695003820AD /* Devpass-Example-NetworkClient */,
			);
			path = Networking;
			sourceTree = "<group>";
		};
		E50FB67527D6000D00DFD1DD /* Home */ = {
			isa = PBXGroup;
			children = (
				E50FB67827D6003600DFD1DD /* Scenes */,
			);
			path = Home;
			sourceTree = "<group>";
		};
		E50FB67627D6001100DFD1DD /* Launches */ = {
			isa = PBXGroup;
			children = (
				E50FB68127D60F5200DFD1DD /* Scenes */,
			);
			path = Launches;
			sourceTree = "<group>";
		};
		E50FB67727D6001900DFD1DD /* Details */ = {
			isa = PBXGroup;
			children = (
				E50FB67A27D6007200DFD1DD /* Scenes */,
			);
			name = Details;
			path = SpaceApp/Modules/Features;
			sourceTree = SOURCE_ROOT;
		};
		E50FB67827D6003600DFD1DD /* Scenes */ = {
			isa = PBXGroup;
			children = (
				E50FB67927D6003A00DFD1DD /* Home */,
			);
			path = Scenes;
			sourceTree = "<group>";
		};
		E50FB67927D6003A00DFD1DD /* Home */ = {
			isa = PBXGroup;
			children = (
				98B551702784D78900AC9086 /* HomeScene.swift */,
				E50FB67E27D602F700DFD1DD /* HomeViewModel.swift */,
			);
			path = Home;
			sourceTree = "<group>";
		};
		E50FB67A27D6007200DFD1DD /* Scenes */ = {
			isa = PBXGroup;
			children = (
				E50FB67D27D6009D00DFD1DD /* LaunchDetails */,
				E50FB67C27D6008F00DFD1DD /* RocketDetailsScene */,
			);
			name = Scenes;
			sourceTree = "<group>";
		};
		E50FB67C27D6008F00DFD1DD /* RocketDetailsScene */ = {
			isa = PBXGroup;
			children = (
			);
			path = RocketDetailsScene;
			sourceTree = "<group>";
		};
		E50FB67D27D6009D00DFD1DD /* LaunchDetails */ = {
			isa = PBXGroup;
			children = (
				7A60612427D7DD0800279648 /* Views */,
			);
			name = LaunchDetails;
			path = SpaceApp/Modules/Features;
			sourceTree = SOURCE_ROOT;
		};
		E50FB68027D60F4900DFD1DD /* UpcomingLaunches */ = {
			isa = PBXGroup;
			children = (
			);
			path = UpcomingLaunches;
			sourceTree = "<group>";
		};
		E50FB68127D60F5200DFD1DD /* Scenes */ = {
			isa = PBXGroup;
			children = (
				E50FB68227D60F5B00DFD1DD /* AllLaunches */,
				E50FB68027D60F4900DFD1DD /* UpcomingLaunches */,
			);
			path = Scenes;
			sourceTree = "<group>";
		};
		E50FB68227D60F5B00DFD1DD /* AllLaunches */ = {
			isa = PBXGroup;
			children = (
			);
			path = AllLaunches;
			sourceTree = "<group>";
		};
		E50FB68327D6150600DFD1DD /* Buttons */ = {
			isa = PBXGroup;
			children = (
				7A0E950527D950BC00F04843 /* Styles */,
			);
			path = Buttons;
			sourceTree = "<group>";
		};
		E50FB68427D6150E00DFD1DD /* Views */ = {
			isa = PBXGroup;
			children = (
			);
			path = Views;
			sourceTree = "<group>";
		};
		E50FB68627D617BC00DFD1DD /* DevpassExample-APIClient */ = {
			isa = PBXGroup;
			children = (
				98BDC9782784F681003820AD /* Models */,
				98BDC98C2784F928003820AD /* SpaceXAPIClient.swift */,
			);
			path = "DevpassExample-APIClient";
			sourceTree = "<group>";
		};
/* End PBXGroup section */

/* Begin PBXNativeTarget section */
		98B5516A2784D78900AC9086 /* SpaceApp */ = {
			isa = PBXNativeTarget;
			buildConfigurationList = 98B5518F2784D78F00AC9086 /* Build configuration list for PBXNativeTarget "SpaceApp" */;
			buildPhases = (
				98B551672784D78900AC9086 /* Sources */,
				98B551682784D78900AC9086 /* Frameworks */,
				98B551692784D78900AC9086 /* Resources */,
			);
			buildRules = (
			);
			dependencies = (
			);
			name = SpaceApp;
			productName = SpaceApp;
			productReference = 98B5516B2784D78900AC9086 /* SpaceApp.app */;
			productType = "com.apple.product-type.application";
		};
		98B5517A2784D78F00AC9086 /* SpaceAppTests */ = {
			isa = PBXNativeTarget;
			buildConfigurationList = 98B551922784D78F00AC9086 /* Build configuration list for PBXNativeTarget "SpaceAppTests" */;
			buildPhases = (
				98B551772784D78F00AC9086 /* Sources */,
				98B551782784D78F00AC9086 /* Frameworks */,
				98B551792784D78F00AC9086 /* Resources */,
			);
			buildRules = (
			);
			dependencies = (
				98B5517D2784D78F00AC9086 /* PBXTargetDependency */,
			);
			name = SpaceAppTests;
			productName = SpaceAppTests;
			productReference = 98B5517B2784D78F00AC9086 /* SpaceAppTests.xctest */;
			productType = "com.apple.product-type.bundle.unit-test";
		};
/* End PBXNativeTarget section */

/* Begin PBXProject section */
		98B551632784D78900AC9086 /* Project object */ = {
			isa = PBXProject;
			attributes = {
				BuildIndependentTargetsInParallel = 1;
				LastSwiftUpdateCheck = 1320;
				LastUpgradeCheck = 1320;
				TargetAttributes = {
					98B5516A2784D78900AC9086 = {
						CreatedOnToolsVersion = 13.2.1;
					};
					98B5517A2784D78F00AC9086 = {
						CreatedOnToolsVersion = 13.2.1;
						TestTargetID = 98B5516A2784D78900AC9086;
					};
				};
			};
			buildConfigurationList = 98B551662784D78900AC9086 /* Build configuration list for PBXProject "SpaceApp" */;
			compatibilityVersion = "Xcode 13.0";
			developmentRegion = en;
			hasScannedForEncodings = 0;
			knownRegions = (
				en,
				Base,
			);
			mainGroup = 98B551622784D78900AC9086;
			productRefGroup = 98B5516C2784D78900AC9086 /* Products */;
			projectDirPath = "";
			projectRoot = "";
			targets = (
				98B5516A2784D78900AC9086 /* SpaceApp */,
				98B5517A2784D78F00AC9086 /* SpaceAppTests */,
			);
		};
/* End PBXProject section */

/* Begin PBXResourcesBuildPhase section */
		98B551692784D78900AC9086 /* Resources */ = {
			isa = PBXResourcesBuildPhase;
			buildActionMask = 2147483647;
			files = (
				98B551762784D78E00AC9086 /* Preview Assets.xcassets in Resources */,
				98B551732784D78E00AC9086 /* Assets.xcassets in Resources */,
			);
			runOnlyForDeploymentPostprocessing = 0;
		};
		98B551792784D78F00AC9086 /* Resources */ = {
			isa = PBXResourcesBuildPhase;
			buildActionMask = 2147483647;
			files = (
			);
			runOnlyForDeploymentPostprocessing = 0;
		};
/* End PBXResourcesBuildPhase section */

/* Begin PBXSourcesBuildPhase section */
		98B551672784D78900AC9086 /* Sources */ = {
			isa = PBXSourcesBuildPhase;
			buildActionMask = 2147483647;
			files = (
				98B551712784D78900AC9086 /* HomeScene.swift in Sources */,
				7A0E950C27D9FD5F00F04843 /* DS+Spacing.swift in Sources */,
				E50FB67F27D602F700DFD1DD /* HomeViewModel.swift in Sources */,
				98BDC9852784F880003820AD /* HTTPHeaderField.swift in Sources */,
				98B5516F2784D78900AC9086 /* SpaceAppApp.swift in Sources */,
				7A0E950727D950CD00F04843 /* SpaceButtonStyle.swift in Sources */,
				98BDC9832784F86F003820AD /* HTTPClient.swift in Sources */,
				98BDC98B2784F8B5003820AD /* HTTPMethod.swift in Sources */,
				98BDC9892784F891003820AD /* NetworkClient.swift in Sources */,
				98BDC9872784F888003820AD /* Response.swift in Sources */,
				7A0E950E27DA006700F04843 /* DS.swift in Sources */,
				7A60612827D7DE1800279648 /* LaunchDetailsBodyView.swift in Sources */,
				98BDC98D2784F928003820AD /* SpaceXAPIClient.swift in Sources */,
				98BDC9812784F865003820AD /* ContentType.swift in Sources */,
				98BDC98F2784F9D1003820AD /* AllLaunchesResponse.swift in Sources */,
				7A0E951227DA068A00F04843 /* DS+CornerRadius.swift in Sources */,
				7A0E951027DA018100F04843 /* DS+Padding.swift in Sources */,
				7A0E950A27D9FB5F00F04843 /* DS+MaxLines.swift in Sources */,
			);
			runOnlyForDeploymentPostprocessing = 0;
		};
		98B551772784D78F00AC9086 /* Sources */ = {
			isa = PBXSourcesBuildPhase;
			buildActionMask = 2147483647;
			files = (
				98B551802784D78F00AC9086 /* SpaceAppTests.swift in Sources */,
			);
			runOnlyForDeploymentPostprocessing = 0;
		};
/* End PBXSourcesBuildPhase section */

/* Begin PBXTargetDependency section */
		98B5517D2784D78F00AC9086 /* PBXTargetDependency */ = {
			isa = PBXTargetDependency;
			target = 98B5516A2784D78900AC9086 /* SpaceApp */;
			targetProxy = 98B5517C2784D78F00AC9086 /* PBXContainerItemProxy */;
		};
/* End PBXTargetDependency section */

/* Begin XCBuildConfiguration section */
		98B5518D2784D78F00AC9086 /* Debug */ = {
			isa = XCBuildConfiguration;
			buildSettings = {
				ALWAYS_SEARCH_USER_PATHS = NO;
				CLANG_ANALYZER_NONNULL = YES;
				CLANG_ANALYZER_NUMBER_OBJECT_CONVERSION = YES_AGGRESSIVE;
				CLANG_CXX_LANGUAGE_STANDARD = "gnu++17";
				CLANG_CXX_LIBRARY = "libc++";
				CLANG_ENABLE_MODULES = YES;
				CLANG_ENABLE_OBJC_ARC = YES;
				CLANG_ENABLE_OBJC_WEAK = YES;
				CLANG_WARN_BLOCK_CAPTURE_AUTORELEASING = YES;
				CLANG_WARN_BOOL_CONVERSION = YES;
				CLANG_WARN_COMMA = YES;
				CLANG_WARN_CONSTANT_CONVERSION = YES;
				CLANG_WARN_DEPRECATED_OBJC_IMPLEMENTATIONS = YES;
				CLANG_WARN_DIRECT_OBJC_ISA_USAGE = YES_ERROR;
				CLANG_WARN_DOCUMENTATION_COMMENTS = YES;
				CLANG_WARN_EMPTY_BODY = YES;
				CLANG_WARN_ENUM_CONVERSION = YES;
				CLANG_WARN_INFINITE_RECURSION = YES;
				CLANG_WARN_INT_CONVERSION = YES;
				CLANG_WARN_NON_LITERAL_NULL_CONVERSION = YES;
				CLANG_WARN_OBJC_IMPLICIT_RETAIN_SELF = YES;
				CLANG_WARN_OBJC_LITERAL_CONVERSION = YES;
				CLANG_WARN_OBJC_ROOT_CLASS = YES_ERROR;
				CLANG_WARN_QUOTED_INCLUDE_IN_FRAMEWORK_HEADER = YES;
				CLANG_WARN_RANGE_LOOP_ANALYSIS = YES;
				CLANG_WARN_STRICT_PROTOTYPES = YES;
				CLANG_WARN_SUSPICIOUS_MOVE = YES;
				CLANG_WARN_UNGUARDED_AVAILABILITY = YES_AGGRESSIVE;
				CLANG_WARN_UNREACHABLE_CODE = YES;
				CLANG_WARN__DUPLICATE_METHOD_MATCH = YES;
				COPY_PHASE_STRIP = NO;
				DEBUG_INFORMATION_FORMAT = dwarf;
				ENABLE_STRICT_OBJC_MSGSEND = YES;
				ENABLE_TESTABILITY = YES;
				GCC_C_LANGUAGE_STANDARD = gnu11;
				GCC_DYNAMIC_NO_PIC = NO;
				GCC_NO_COMMON_BLOCKS = YES;
				GCC_OPTIMIZATION_LEVEL = 0;
				GCC_PREPROCESSOR_DEFINITIONS = (
					"DEBUG=1",
					"$(inherited)",
				);
				GCC_WARN_64_TO_32_BIT_CONVERSION = YES;
				GCC_WARN_ABOUT_RETURN_TYPE = YES_ERROR;
				GCC_WARN_UNDECLARED_SELECTOR = YES;
				GCC_WARN_UNINITIALIZED_AUTOS = YES_AGGRESSIVE;
				GCC_WARN_UNUSED_FUNCTION = YES;
				GCC_WARN_UNUSED_VARIABLE = YES;
				IPHONEOS_DEPLOYMENT_TARGET = 15.2;
				MTL_ENABLE_DEBUG_INFO = INCLUDE_SOURCE;
				MTL_FAST_MATH = YES;
				ONLY_ACTIVE_ARCH = YES;
				SDKROOT = iphoneos;
				SWIFT_ACTIVE_COMPILATION_CONDITIONS = DEBUG;
				SWIFT_OPTIMIZATION_LEVEL = "-Onone";
			};
			name = Debug;
		};
		98B5518E2784D78F00AC9086 /* Release */ = {
			isa = XCBuildConfiguration;
			buildSettings = {
				ALWAYS_SEARCH_USER_PATHS = NO;
				CLANG_ANALYZER_NONNULL = YES;
				CLANG_ANALYZER_NUMBER_OBJECT_CONVERSION = YES_AGGRESSIVE;
				CLANG_CXX_LANGUAGE_STANDARD = "gnu++17";
				CLANG_CXX_LIBRARY = "libc++";
				CLANG_ENABLE_MODULES = YES;
				CLANG_ENABLE_OBJC_ARC = YES;
				CLANG_ENABLE_OBJC_WEAK = YES;
				CLANG_WARN_BLOCK_CAPTURE_AUTORELEASING = YES;
				CLANG_WARN_BOOL_CONVERSION = YES;
				CLANG_WARN_COMMA = YES;
				CLANG_WARN_CONSTANT_CONVERSION = YES;
				CLANG_WARN_DEPRECATED_OBJC_IMPLEMENTATIONS = YES;
				CLANG_WARN_DIRECT_OBJC_ISA_USAGE = YES_ERROR;
				CLANG_WARN_DOCUMENTATION_COMMENTS = YES;
				CLANG_WARN_EMPTY_BODY = YES;
				CLANG_WARN_ENUM_CONVERSION = YES;
				CLANG_WARN_INFINITE_RECURSION = YES;
				CLANG_WARN_INT_CONVERSION = YES;
				CLANG_WARN_NON_LITERAL_NULL_CONVERSION = YES;
				CLANG_WARN_OBJC_IMPLICIT_RETAIN_SELF = YES;
				CLANG_WARN_OBJC_LITERAL_CONVERSION = YES;
				CLANG_WARN_OBJC_ROOT_CLASS = YES_ERROR;
				CLANG_WARN_QUOTED_INCLUDE_IN_FRAMEWORK_HEADER = YES;
				CLANG_WARN_RANGE_LOOP_ANALYSIS = YES;
				CLANG_WARN_STRICT_PROTOTYPES = YES;
				CLANG_WARN_SUSPICIOUS_MOVE = YES;
				CLANG_WARN_UNGUARDED_AVAILABILITY = YES_AGGRESSIVE;
				CLANG_WARN_UNREACHABLE_CODE = YES;
				CLANG_WARN__DUPLICATE_METHOD_MATCH = YES;
				COPY_PHASE_STRIP = NO;
				DEBUG_INFORMATION_FORMAT = "dwarf-with-dsym";
				ENABLE_NS_ASSERTIONS = NO;
				ENABLE_STRICT_OBJC_MSGSEND = YES;
				GCC_C_LANGUAGE_STANDARD = gnu11;
				GCC_NO_COMMON_BLOCKS = YES;
				GCC_WARN_64_TO_32_BIT_CONVERSION = YES;
				GCC_WARN_ABOUT_RETURN_TYPE = YES_ERROR;
				GCC_WARN_UNDECLARED_SELECTOR = YES;
				GCC_WARN_UNINITIALIZED_AUTOS = YES_AGGRESSIVE;
				GCC_WARN_UNUSED_FUNCTION = YES;
				GCC_WARN_UNUSED_VARIABLE = YES;
				IPHONEOS_DEPLOYMENT_TARGET = 15.2;
				MTL_ENABLE_DEBUG_INFO = NO;
				MTL_FAST_MATH = YES;
				SDKROOT = iphoneos;
				SWIFT_COMPILATION_MODE = wholemodule;
				SWIFT_OPTIMIZATION_LEVEL = "-O";
				VALIDATE_PRODUCT = YES;
			};
			name = Release;
		};
		98B551902784D78F00AC9086 /* Debug */ = {
			isa = XCBuildConfiguration;
			buildSettings = {
				ASSETCATALOG_COMPILER_APPICON_NAME = AppIcon;
				ASSETCATALOG_COMPILER_GLOBAL_ACCENT_COLOR_NAME = AccentColor;
				CODE_SIGN_STYLE = Automatic;
				CURRENT_PROJECT_VERSION = 1;
				DEVELOPMENT_ASSET_PATHS = "\"SpaceApp/Preview Content\"";
				DEVELOPMENT_TEAM = X4EJFKXUGN;
				ENABLE_PREVIEWS = YES;
				GENERATE_INFOPLIST_FILE = YES;
				INFOPLIST_FILE = SpaceApp/Resources/Info.plist;
				INFOPLIST_KEY_UIApplicationSceneManifest_Generation = YES;
				INFOPLIST_KEY_UIApplicationSupportsIndirectInputEvents = YES;
				INFOPLIST_KEY_UILaunchScreen_Generation = YES;
				INFOPLIST_KEY_UISupportedInterfaceOrientations_iPad = "UIInterfaceOrientationPortrait UIInterfaceOrientationPortraitUpsideDown UIInterfaceOrientationLandscapeLeft UIInterfaceOrientationLandscapeRight";
				INFOPLIST_KEY_UISupportedInterfaceOrientations_iPhone = "UIInterfaceOrientationPortrait UIInterfaceOrientationLandscapeLeft UIInterfaceOrientationLandscapeRight";
				LD_RUNPATH_SEARCH_PATHS = (
					"$(inherited)",
					"@executable_path/Frameworks",
				);
				MARKETING_VERSION = 1.0;
				PRODUCT_BUNDLE_IDENTIFIER = com.devpass.SpaceApp;
				PRODUCT_NAME = "$(TARGET_NAME)";
				SWIFT_EMIT_LOC_STRINGS = YES;
				SWIFT_VERSION = 5.0;
				TARGETED_DEVICE_FAMILY = "1,2";
			};
			name = Debug;
		};
		98B551912784D78F00AC9086 /* Release */ = {
			isa = XCBuildConfiguration;
			buildSettings = {
				ASSETCATALOG_COMPILER_APPICON_NAME = AppIcon;
				ASSETCATALOG_COMPILER_GLOBAL_ACCENT_COLOR_NAME = AccentColor;
				CODE_SIGN_STYLE = Automatic;
				CURRENT_PROJECT_VERSION = 1;
				DEVELOPMENT_ASSET_PATHS = "\"SpaceApp/Preview Content\"";
				DEVELOPMENT_TEAM = X4EJFKXUGN;
				ENABLE_PREVIEWS = YES;
				GENERATE_INFOPLIST_FILE = YES;
				INFOPLIST_FILE = SpaceApp/Resources/Info.plist;
				INFOPLIST_KEY_UIApplicationSceneManifest_Generation = YES;
				INFOPLIST_KEY_UIApplicationSupportsIndirectInputEvents = YES;
				INFOPLIST_KEY_UILaunchScreen_Generation = YES;
				INFOPLIST_KEY_UISupportedInterfaceOrientations_iPad = "UIInterfaceOrientationPortrait UIInterfaceOrientationPortraitUpsideDown UIInterfaceOrientationLandscapeLeft UIInterfaceOrientationLandscapeRight";
				INFOPLIST_KEY_UISupportedInterfaceOrientations_iPhone = "UIInterfaceOrientationPortrait UIInterfaceOrientationLandscapeLeft UIInterfaceOrientationLandscapeRight";
				LD_RUNPATH_SEARCH_PATHS = (
					"$(inherited)",
					"@executable_path/Frameworks",
				);
				MARKETING_VERSION = 1.0;
				PRODUCT_BUNDLE_IDENTIFIER = com.devpass.SpaceApp;
				PRODUCT_NAME = "$(TARGET_NAME)";
				SWIFT_EMIT_LOC_STRINGS = YES;
				SWIFT_VERSION = 5.0;
				TARGETED_DEVICE_FAMILY = "1,2";
			};
			name = Release;
		};
		98B551932784D78F00AC9086 /* Debug */ = {
			isa = XCBuildConfiguration;
			buildSettings = {
				ALWAYS_EMBED_SWIFT_STANDARD_LIBRARIES = YES;
				BUNDLE_LOADER = "$(TEST_HOST)";
				CODE_SIGN_STYLE = Automatic;
				CURRENT_PROJECT_VERSION = 1;
				DEVELOPMENT_TEAM = B8F644M47X;
				GENERATE_INFOPLIST_FILE = YES;
				IPHONEOS_DEPLOYMENT_TARGET = 15.2;
				MARKETING_VERSION = 1.0;
				PRODUCT_BUNDLE_IDENTIFIER = com.devpass.SpaceAppTests;
				PRODUCT_NAME = "$(TARGET_NAME)";
				SWIFT_EMIT_LOC_STRINGS = NO;
				SWIFT_VERSION = 5.0;
				TARGETED_DEVICE_FAMILY = "1,2";
				TEST_HOST = "$(BUILT_PRODUCTS_DIR)/SpaceApp.app/SpaceApp";
			};
			name = Debug;
		};
		98B551942784D78F00AC9086 /* Release */ = {
			isa = XCBuildConfiguration;
			buildSettings = {
				ALWAYS_EMBED_SWIFT_STANDARD_LIBRARIES = YES;
				BUNDLE_LOADER = "$(TEST_HOST)";
				CODE_SIGN_STYLE = Automatic;
				CURRENT_PROJECT_VERSION = 1;
				DEVELOPMENT_TEAM = B8F644M47X;
				GENERATE_INFOPLIST_FILE = YES;
				IPHONEOS_DEPLOYMENT_TARGET = 15.2;
				MARKETING_VERSION = 1.0;
				PRODUCT_BUNDLE_IDENTIFIER = com.devpass.SpaceAppTests;
				PRODUCT_NAME = "$(TARGET_NAME)";
				SWIFT_EMIT_LOC_STRINGS = NO;
				SWIFT_VERSION = 5.0;
				TARGETED_DEVICE_FAMILY = "1,2";
				TEST_HOST = "$(BUILT_PRODUCTS_DIR)/SpaceApp.app/SpaceApp";
			};
			name = Release;
		};
/* End XCBuildConfiguration section */

/* Begin XCConfigurationList section */
		98B551662784D78900AC9086 /* Build configuration list for PBXProject "SpaceApp" */ = {
			isa = XCConfigurationList;
			buildConfigurations = (
				98B5518D2784D78F00AC9086 /* Debug */,
				98B5518E2784D78F00AC9086 /* Release */,
			);
			defaultConfigurationIsVisible = 0;
			defaultConfigurationName = Release;
		};
		98B5518F2784D78F00AC9086 /* Build configuration list for PBXNativeTarget "SpaceApp" */ = {
			isa = XCConfigurationList;
			buildConfigurations = (
				98B551902784D78F00AC9086 /* Debug */,
				98B551912784D78F00AC9086 /* Release */,
			);
			defaultConfigurationIsVisible = 0;
			defaultConfigurationName = Release;
		};
		98B551922784D78F00AC9086 /* Build configuration list for PBXNativeTarget "SpaceAppTests" */ = {
			isa = XCConfigurationList;
			buildConfigurations = (
				98B551932784D78F00AC9086 /* Debug */,
				98B551942784D78F00AC9086 /* Release */,
			);
			defaultConfigurationIsVisible = 0;
			defaultConfigurationName = Release;
		};
/* End XCConfigurationList section */
	};
	rootObject = 98B551632784D78900AC9086 /* Project object */;
}
