// !$*UTF8*$!
{
	archiveVersion = 1;
	classes = {
	};
	objectVersion = 55;
	objects = {

/* Begin PBXBuildFile section */
		7A6B2AFC27E0A6A0008BE9B4 /* AllLaunchesScene.swift in Sources */ = {isa = PBXBuildFile; fileRef = 7A6B2AFB27E0A6A0008BE9B4 /* AllLaunchesScene.swift */; };
		7A6B2AFE27E0A6D8008BE9B4 /* LaunchCard.swift in Sources */ = {isa = PBXBuildFile; fileRef = 7A6B2AFD27E0A6D8008BE9B4 /* LaunchCard.swift */; };
		94E94FF827E0DED5003CA84B /* LoadingView.swift in Sources */ = {isa = PBXBuildFile; fileRef = 94E94FF727E0DED5003CA84B /* LoadingView.swift */; };
		94E94FFF27E0E19B003CA84B /* View+PreviewSquare.swift in Sources */ = {isa = PBXBuildFile; fileRef = 94E94FFD27E0E19B003CA84B /* View+PreviewSquare.swift */; };
		98B551732784D78E00AC9086 /* Assets.xcassets in Resources */ = {isa = PBXBuildFile; fileRef = 98B551722784D78E00AC9086 /* Assets.xcassets */; };
		98B551762784D78E00AC9086 /* Preview Assets.xcassets in Resources */ = {isa = PBXBuildFile; fileRef = 98B551752784D78E00AC9086 /* Preview Assets.xcassets */; };
		98B551802784D78F00AC9086 /* SpaceAppTests.swift in Sources */ = {isa = PBXBuildFile; fileRef = 98B5517F2784D78F00AC9086 /* SpaceAppTests.swift */; };
		98B5518A2784D78F00AC9086 /* SpaceAppUITests.swift in Sources */ = {isa = PBXBuildFile; fileRef = 98B551892784D78F00AC9086 /* SpaceAppUITests.swift */; };
		98B5518C2784D78F00AC9086 /* SpaceAppUITestsLaunchTests.swift in Sources */ = {isa = PBXBuildFile; fileRef = 98B5518B2784D78F00AC9086 /* SpaceAppUITestsLaunchTests.swift */; };
		E58D8FDF27DFF8B0006F16EC /* SpaceAppApp.swift in Sources */ = {isa = PBXBuildFile; fileRef = E58D8FDE27DFF8B0006F16EC /* SpaceAppApp.swift */; };
		E58D8FED27DFF96C006F16EC /* HomeViewModel.swift in Sources */ = {isa = PBXBuildFile; fileRef = E58D8FEB27DFF96C006F16EC /* HomeViewModel.swift */; };
		E58D8FEE27DFF96C006F16EC /* HomeScene.swift in Sources */ = {isa = PBXBuildFile; fileRef = E58D8FEC27DFF96C006F16EC /* HomeScene.swift */; };
		E58D8FF227DFF995006F16EC /* LaunchDetailsBodyView.swift in Sources */ = {isa = PBXBuildFile; fileRef = E58D8FF127DFF995006F16EC /* LaunchDetailsBodyView.swift */; };
		E58D8FF727DFF9D4006F16EC /* String+Localized.swift in Sources */ = {isa = PBXBuildFile; fileRef = E58D8FF627DFF9D4006F16EC /* String+Localized.swift */; };
		E58D8FFD27DFFA27006F16EC /* SpaceXAPIClient.swift in Sources */ = {isa = PBXBuildFile; fileRef = E58D8FFC27DFFA27006F16EC /* SpaceXAPIClient.swift */; };
		E58D8FFF27DFFA30006F16EC /* AllLaunchesResponse.swift in Sources */ = {isa = PBXBuildFile; fileRef = E58D8FFE27DFFA30006F16EC /* AllLaunchesResponse.swift */; };
		E58D900727DFFA5A006F16EC /* HTTPHeaderField.swift in Sources */ = {isa = PBXBuildFile; fileRef = E58D900127DFFA5A006F16EC /* HTTPHeaderField.swift */; };
		E58D900827DFFA5A006F16EC /* NetworkClient.swift in Sources */ = {isa = PBXBuildFile; fileRef = E58D900227DFFA5A006F16EC /* NetworkClient.swift */; };
		E58D900927DFFA5A006F16EC /* ContentType.swift in Sources */ = {isa = PBXBuildFile; fileRef = E58D900327DFFA5A006F16EC /* ContentType.swift */; };
		E58D900A27DFFA5A006F16EC /* HTTPClient.swift in Sources */ = {isa = PBXBuildFile; fileRef = E58D900427DFFA5A006F16EC /* HTTPClient.swift */; };
		E58D900B27DFFA5A006F16EC /* HTTPMethod.swift in Sources */ = {isa = PBXBuildFile; fileRef = E58D900527DFFA5A006F16EC /* HTTPMethod.swift */; };
		E58D900C27DFFA5A006F16EC /* Response.swift in Sources */ = {isa = PBXBuildFile; fileRef = E58D900627DFFA5A006F16EC /* Response.swift */; };
		E58D900E27DFFA74006F16EC /* Localizable.strings in Resources */ = {isa = PBXBuildFile; fileRef = E58D900D27DFFA74006F16EC /* Localizable.strings */; };
		E58D901027DFFA91006F16EC /* L10n.swift in Sources */ = {isa = PBXBuildFile; fileRef = E58D900F27DFFA91006F16EC /* L10n.swift */; };
		E58D901A27DFFAE3006F16EC /* DS+Padding.swift in Sources */ = {isa = PBXBuildFile; fileRef = E58D901327DFFAE3006F16EC /* DS+Padding.swift */; };
		E58D901B27DFFAE3006F16EC /* DS+Spacing.swift in Sources */ = {isa = PBXBuildFile; fileRef = E58D901427DFFAE3006F16EC /* DS+Spacing.swift */; };
		E58D901C27DFFAE3006F16EC /* DS+Typography.swift in Sources */ = {isa = PBXBuildFile; fileRef = E58D901527DFFAE3006F16EC /* DS+Typography.swift */; };
		E58D901D27DFFAE3006F16EC /* Text+Typography.swift in Sources */ = {isa = PBXBuildFile; fileRef = E58D901627DFFAE3006F16EC /* Text+Typography.swift */; };
		E58D901E27DFFAE3006F16EC /* DS.swift in Sources */ = {isa = PBXBuildFile; fileRef = E58D901727DFFAE3006F16EC /* DS.swift */; };
		E58D901F27DFFAE3006F16EC /* DS+Color.swift in Sources */ = {isa = PBXBuildFile; fileRef = E58D901827DFFAE3006F16EC /* DS+Color.swift */; };
		E58D902027DFFAE3006F16EC /* DS+CornerRadius.swift in Sources */ = {isa = PBXBuildFile; fileRef = E58D901927DFFAE3006F16EC /* DS+CornerRadius.swift */; };
		E58D902727DFFB42006F16EC /* SpaceButtonStyle.swift in Sources */ = {isa = PBXBuildFile; fileRef = E58D902627DFFB42006F16EC /* SpaceButtonStyle.swift */; };
		E58D902D27DFFB65006F16EC /* ContentInfoView.swift in Sources */ = {isa = PBXBuildFile; fileRef = E58D902A27DFFB65006F16EC /* ContentInfoView.swift */; };
		E58D902E27DFFB65006F16EC /* EmptyView.swift in Sources */ = {isa = PBXBuildFile; fileRef = E58D902B27DFFB65006F16EC /* EmptyView.swift */; };
		E58D902F27DFFB65006F16EC /* NavigationSceneView.swift in Sources */ = {isa = PBXBuildFile; fileRef = E58D902C27DFFB65006F16EC /* NavigationSceneView.swift */; };
		F33C35A327E117F800DD8C12 /* LaunchDetailsHeaderView.swift in Sources */ = {isa = PBXBuildFile; fileRef = F33C35A227E117F800DD8C12 /* LaunchDetailsHeaderView.swift */; };
		E58D903927E1C64F006F16EC /* LaunchDetailsScene.swift in Sources */ = {isa = PBXBuildFile; fileRef = E58D903727E1C64E006F16EC /* LaunchDetailsScene.swift */; };
		E58D903A27E1C64F006F16EC /* LaunchDetailsViewModel.swift in Sources */ = {isa = PBXBuildFile; fileRef = E58D903827E1C64E006F16EC /* LaunchDetailsViewModel.swift */; };
/* End PBXBuildFile section */

/* Begin PBXContainerItemProxy section */
		98B5517C2784D78F00AC9086 /* PBXContainerItemProxy */ = {
			isa = PBXContainerItemProxy;
			containerPortal = 98B551632784D78900AC9086 /* Project object */;
			proxyType = 1;
			remoteGlobalIDString = 98B5516A2784D78900AC9086;
			remoteInfo = SpaceApp;
		};
		98B551862784D78F00AC9086 /* PBXContainerItemProxy */ = {
			isa = PBXContainerItemProxy;
			containerPortal = 98B551632784D78900AC9086 /* Project object */;
			proxyType = 1;
			remoteGlobalIDString = 98B5516A2784D78900AC9086;
			remoteInfo = SpaceApp;
		};
/* End PBXContainerItemProxy section */

/* Begin PBXFileReference section */
		7A6B2AFB27E0A6A0008BE9B4 /* AllLaunchesScene.swift */ = {isa = PBXFileReference; lastKnownFileType = sourcecode.swift; path = AllLaunchesScene.swift; sourceTree = "<group>"; };
		7A6B2AFD27E0A6D8008BE9B4 /* LaunchCard.swift */ = {isa = PBXFileReference; lastKnownFileType = sourcecode.swift; path = LaunchCard.swift; sourceTree = "<group>"; };
		94E94FF727E0DED5003CA84B /* LoadingView.swift */ = {isa = PBXFileReference; fileEncoding = 4; lastKnownFileType = sourcecode.swift; path = LoadingView.swift; sourceTree = "<group>"; };
		94E94FFD27E0E19B003CA84B /* View+PreviewSquare.swift */ = {isa = PBXFileReference; fileEncoding = 4; lastKnownFileType = sourcecode.swift; path = "View+PreviewSquare.swift"; sourceTree = "<group>"; };
		98B5516B2784D78900AC9086 /* SpaceApp.app */ = {isa = PBXFileReference; explicitFileType = wrapper.application; includeInIndex = 0; path = SpaceApp.app; sourceTree = BUILT_PRODUCTS_DIR; };
		98B551722784D78E00AC9086 /* Assets.xcassets */ = {isa = PBXFileReference; lastKnownFileType = folder.assetcatalog; path = Assets.xcassets; sourceTree = "<group>"; };
		98B551752784D78E00AC9086 /* Preview Assets.xcassets */ = {isa = PBXFileReference; lastKnownFileType = folder.assetcatalog; path = "Preview Assets.xcassets"; sourceTree = "<group>"; };
		98B5517B2784D78F00AC9086 /* SpaceAppTests.xctest */ = {isa = PBXFileReference; explicitFileType = wrapper.cfbundle; includeInIndex = 0; path = SpaceAppTests.xctest; sourceTree = BUILT_PRODUCTS_DIR; };
		98B5517F2784D78F00AC9086 /* SpaceAppTests.swift */ = {isa = PBXFileReference; lastKnownFileType = sourcecode.swift; path = SpaceAppTests.swift; sourceTree = "<group>"; };
		98B551852784D78F00AC9086 /* SpaceAppUITests.xctest */ = {isa = PBXFileReference; explicitFileType = wrapper.cfbundle; includeInIndex = 0; path = SpaceAppUITests.xctest; sourceTree = BUILT_PRODUCTS_DIR; };
		98B551892784D78F00AC9086 /* SpaceAppUITests.swift */ = {isa = PBXFileReference; lastKnownFileType = sourcecode.swift; path = SpaceAppUITests.swift; sourceTree = "<group>"; };
		98B5518B2784D78F00AC9086 /* SpaceAppUITestsLaunchTests.swift */ = {isa = PBXFileReference; lastKnownFileType = sourcecode.swift; path = SpaceAppUITestsLaunchTests.swift; sourceTree = "<group>"; };
		98BDC9902784FBFC003820AD /* Info.plist */ = {isa = PBXFileReference; lastKnownFileType = text.plist.xml; path = Info.plist; sourceTree = "<group>"; };
		E58D8FDE27DFF8B0006F16EC /* SpaceAppApp.swift */ = {isa = PBXFileReference; fileEncoding = 4; lastKnownFileType = sourcecode.swift; path = SpaceAppApp.swift; sourceTree = "<group>"; };
		E58D8FEB27DFF96C006F16EC /* HomeViewModel.swift */ = {isa = PBXFileReference; fileEncoding = 4; lastKnownFileType = sourcecode.swift; path = HomeViewModel.swift; sourceTree = "<group>"; };
		E58D8FEC27DFF96C006F16EC /* HomeScene.swift */ = {isa = PBXFileReference; fileEncoding = 4; lastKnownFileType = sourcecode.swift; path = HomeScene.swift; sourceTree = "<group>"; };
		E58D8FF127DFF995006F16EC /* LaunchDetailsBodyView.swift */ = {isa = PBXFileReference; fileEncoding = 4; lastKnownFileType = sourcecode.swift; path = LaunchDetailsBodyView.swift; sourceTree = "<group>"; };
		E58D8FF627DFF9D4006F16EC /* String+Localized.swift */ = {isa = PBXFileReference; fileEncoding = 4; lastKnownFileType = sourcecode.swift; path = "String+Localized.swift"; sourceTree = "<group>"; };
		E58D8FFC27DFFA27006F16EC /* SpaceXAPIClient.swift */ = {isa = PBXFileReference; fileEncoding = 4; lastKnownFileType = sourcecode.swift; path = SpaceXAPIClient.swift; sourceTree = "<group>"; };
		E58D8FFE27DFFA30006F16EC /* AllLaunchesResponse.swift */ = {isa = PBXFileReference; fileEncoding = 4; lastKnownFileType = sourcecode.swift; path = AllLaunchesResponse.swift; sourceTree = "<group>"; };
		E58D900127DFFA5A006F16EC /* HTTPHeaderField.swift */ = {isa = PBXFileReference; fileEncoding = 4; lastKnownFileType = sourcecode.swift; path = HTTPHeaderField.swift; sourceTree = "<group>"; };
		E58D900227DFFA5A006F16EC /* NetworkClient.swift */ = {isa = PBXFileReference; fileEncoding = 4; lastKnownFileType = sourcecode.swift; path = NetworkClient.swift; sourceTree = "<group>"; };
		E58D900327DFFA5A006F16EC /* ContentType.swift */ = {isa = PBXFileReference; fileEncoding = 4; lastKnownFileType = sourcecode.swift; path = ContentType.swift; sourceTree = "<group>"; };
		E58D900427DFFA5A006F16EC /* HTTPClient.swift */ = {isa = PBXFileReference; fileEncoding = 4; lastKnownFileType = sourcecode.swift; path = HTTPClient.swift; sourceTree = "<group>"; };
		E58D900527DFFA5A006F16EC /* HTTPMethod.swift */ = {isa = PBXFileReference; fileEncoding = 4; lastKnownFileType = sourcecode.swift; path = HTTPMethod.swift; sourceTree = "<group>"; };
		E58D900627DFFA5A006F16EC /* Response.swift */ = {isa = PBXFileReference; fileEncoding = 4; lastKnownFileType = sourcecode.swift; path = Response.swift; sourceTree = "<group>"; };
		E58D900D27DFFA74006F16EC /* Localizable.strings */ = {isa = PBXFileReference; fileEncoding = 4; lastKnownFileType = text.plist.strings; path = Localizable.strings; sourceTree = "<group>"; };
		E58D900F27DFFA91006F16EC /* L10n.swift */ = {isa = PBXFileReference; lastKnownFileType = sourcecode.swift; path = L10n.swift; sourceTree = "<group>"; };
		E58D901327DFFAE3006F16EC /* DS+Padding.swift */ = {isa = PBXFileReference; fileEncoding = 4; lastKnownFileType = sourcecode.swift; path = "DS+Padding.swift"; sourceTree = "<group>"; };
		E58D901427DFFAE3006F16EC /* DS+Spacing.swift */ = {isa = PBXFileReference; fileEncoding = 4; lastKnownFileType = sourcecode.swift; path = "DS+Spacing.swift"; sourceTree = "<group>"; };
		E58D901527DFFAE3006F16EC /* DS+Typography.swift */ = {isa = PBXFileReference; fileEncoding = 4; lastKnownFileType = sourcecode.swift; path = "DS+Typography.swift"; sourceTree = "<group>"; };
		E58D901627DFFAE3006F16EC /* Text+Typography.swift */ = {isa = PBXFileReference; fileEncoding = 4; lastKnownFileType = sourcecode.swift; path = "Text+Typography.swift"; sourceTree = "<group>"; };
		E58D901727DFFAE3006F16EC /* DS.swift */ = {isa = PBXFileReference; fileEncoding = 4; lastKnownFileType = sourcecode.swift; path = DS.swift; sourceTree = "<group>"; };
		E58D901827DFFAE3006F16EC /* DS+Color.swift */ = {isa = PBXFileReference; fileEncoding = 4; lastKnownFileType = sourcecode.swift; path = "DS+Color.swift"; sourceTree = "<group>"; };
		E58D901927DFFAE3006F16EC /* DS+CornerRadius.swift */ = {isa = PBXFileReference; fileEncoding = 4; lastKnownFileType = sourcecode.swift; path = "DS+CornerRadius.swift"; sourceTree = "<group>"; };
		E58D902627DFFB42006F16EC /* SpaceButtonStyle.swift */ = {isa = PBXFileReference; fileEncoding = 4; lastKnownFileType = sourcecode.swift; path = SpaceButtonStyle.swift; sourceTree = "<group>"; };
		E58D902A27DFFB65006F16EC /* ContentInfoView.swift */ = {isa = PBXFileReference; fileEncoding = 4; lastKnownFileType = sourcecode.swift; path = ContentInfoView.swift; sourceTree = "<group>"; };
		E58D902B27DFFB65006F16EC /* EmptyView.swift */ = {isa = PBXFileReference; fileEncoding = 4; lastKnownFileType = sourcecode.swift; path = EmptyView.swift; sourceTree = "<group>"; };
		E58D902C27DFFB65006F16EC /* NavigationSceneView.swift */ = {isa = PBXFileReference; fileEncoding = 4; lastKnownFileType = sourcecode.swift; path = NavigationSceneView.swift; sourceTree = "<group>"; };
		F33C35A227E117F800DD8C12 /* LaunchDetailsHeaderView.swift */ = {isa = PBXFileReference; lastKnownFileType = sourcecode.swift; path = LaunchDetailsHeaderView.swift; sourceTree = "<group>"; };
		E58D903727E1C64E006F16EC /* LaunchDetailsScene.swift */ = {isa = PBXFileReference; fileEncoding = 4; lastKnownFileType = sourcecode.swift; path = LaunchDetailsScene.swift; sourceTree = "<group>"; };
		E58D903827E1C64E006F16EC /* LaunchDetailsViewModel.swift */ = {isa = PBXFileReference; fileEncoding = 4; lastKnownFileType = sourcecode.swift; path = LaunchDetailsViewModel.swift; sourceTree = "<group>"; };
/* End PBXFileReference section */

/* Begin PBXFrameworksBuildPhase section */
		98B551682784D78900AC9086 /* Frameworks */ = {
			isa = PBXFrameworksBuildPhase;
			buildActionMask = 2147483647;
			files = (
			);
			runOnlyForDeploymentPostprocessing = 0;
		};
		98B551782784D78F00AC9086 /* Frameworks */ = {
			isa = PBXFrameworksBuildPhase;
			buildActionMask = 2147483647;
			files = (
			);
			runOnlyForDeploymentPostprocessing = 0;
		};
		98B551822784D78F00AC9086 /* Frameworks */ = {
			isa = PBXFrameworksBuildPhase;
			buildActionMask = 2147483647;
			files = (
			);
			runOnlyForDeploymentPostprocessing = 0;
		};
/* End PBXFrameworksBuildPhase section */

/* Begin PBXGroup section */
		7A6B2AF727E0A669008BE9B4 /* Launches */ = {
			isa = PBXGroup;
			children = (
				7A6B2AF827E0A674008BE9B4 /* Scenes */,
			);
			path = Launches;
			sourceTree = "<group>";
		};
		7A6B2AF827E0A674008BE9B4 /* Scenes */ = {
			isa = PBXGroup;
			children = (
				7A6B2AF927E0A67B008BE9B4 /* AllLaunches */,
			);
			path = Scenes;
			sourceTree = "<group>";
		};
		7A6B2AF927E0A67B008BE9B4 /* AllLaunches */ = {
			isa = PBXGroup;
			children = (
				7A6B2AFA27E0A682008BE9B4 /* Views */,
				7A6B2AFB27E0A6A0008BE9B4 /* AllLaunchesScene.swift */,
			);
			path = AllLaunches;
			sourceTree = "<group>";
		};
		7A6B2AFA27E0A682008BE9B4 /* Views */ = {
			isa = PBXGroup;
			children = (
				7A6B2AFD27E0A6D8008BE9B4 /* LaunchCard.swift */,
			);
			path = Views;
			sourceTree = "<group>";
		};
		98B551622784D78900AC9086 = {
			isa = PBXGroup;
			children = (
				98B5516D2784D78900AC9086 /* SpaceApp */,
				98B5517E2784D78F00AC9086 /* SpaceAppTests */,
				98B551882784D78F00AC9086 /* SpaceAppUITests */,
				98B5516C2784D78900AC9086 /* Products */,
			);
			sourceTree = "<group>";
		};
		98B5516C2784D78900AC9086 /* Products */ = {
			isa = PBXGroup;
			children = (
				98B5516B2784D78900AC9086 /* SpaceApp.app */,
				98B5517B2784D78F00AC9086 /* SpaceAppTests.xctest */,
				98B551852784D78F00AC9086 /* SpaceAppUITests.xctest */,
			);
			name = Products;
			sourceTree = "<group>";
		};
		98B5516D2784D78900AC9086 /* SpaceApp */ = {
			isa = PBXGroup;
			children = (
				E58D8FDC27DFF878006F16EC /* Application */,
				E58D8FE127DFF8C1006F16EC /* Modules */,
				98BDC97D2784F6CA003820AD /* Resources */,
				98B551742784D78E00AC9086 /* Preview Content */,
			);
			path = SpaceApp;
			sourceTree = "<group>";
		};
		98B551742784D78E00AC9086 /* Preview Content */ = {
			isa = PBXGroup;
			children = (
				98B551752784D78E00AC9086 /* Preview Assets.xcassets */,
			);
			path = "Preview Content";
			sourceTree = "<group>";
		};
		98B5517E2784D78F00AC9086 /* SpaceAppTests */ = {
			isa = PBXGroup;
			children = (
				98B5517F2784D78F00AC9086 /* SpaceAppTests.swift */,
			);
			path = SpaceAppTests;
			sourceTree = "<group>";
		};
		98B551882784D78F00AC9086 /* SpaceAppUITests */ = {
			isa = PBXGroup;
			children = (
				98B551892784D78F00AC9086 /* SpaceAppUITests.swift */,
				98B5518B2784D78F00AC9086 /* SpaceAppUITestsLaunchTests.swift */,
			);
			path = SpaceAppUITests;
			sourceTree = "<group>";
		};
		98BDC97D2784F6CA003820AD /* Resources */ = {
			isa = PBXGroup;
			children = (
				E58D900D27DFFA74006F16EC /* Localizable.strings */,
				E58D900F27DFFA91006F16EC /* L10n.swift */,
				98BDC9902784FBFC003820AD /* Info.plist */,
				98B551722784D78E00AC9086 /* Assets.xcassets */,
			);
			path = Resources;
			sourceTree = "<group>";
		};
		E58D8FDC27DFF878006F16EC /* Application */ = {
			isa = PBXGroup;
			children = (
				E58D8FDE27DFF8B0006F16EC /* SpaceAppApp.swift */,
			);
			path = Application;
			sourceTree = "<group>";
		};
		E58D8FE127DFF8C1006F16EC /* Modules */ = {
			isa = PBXGroup;
			children = (
				E58D8FE327DFF908006F16EC /* Core */,
				E58D8FE427DFF90E006F16EC /* Features */,
			);
			path = Modules;
			sourceTree = "<group>";
		};
		E58D8FE327DFF908006F16EC /* Core */ = {
			isa = PBXGroup;
			children = (
				E58D903627E1C53F006F16EC /* Foundation */,
				E58D901127DFFABE006F16EC /* UI */,
				E58D8FF427DFF9B0006F16EC /* Networking */,
				E58D8FF527DFF9BC006F16EC /* Services */,
			);
			path = Core;
			sourceTree = "<group>";
		};
		E58D8FE427DFF90E006F16EC /* Features */ = {
			isa = PBXGroup;
			children = (
				7A6B2AF727E0A669008BE9B4 /* Launches */,
				E58D8FE727DFF93E006F16EC /* Home */,
				E58D8FE627DFF935006F16EC /* Details */,
			);
			path = Features;
			sourceTree = "<group>";
		};
		E58D8FE627DFF935006F16EC /* Details */ = {
			isa = PBXGroup;
			children = (
				E58D8FE927DFF956006F16EC /* Scenes */,
			);
			path = Details;
			sourceTree = "<group>";
		};
		E58D8FE727DFF93E006F16EC /* Home */ = {
			isa = PBXGroup;
			children = (
				E58D8FE827DFF951006F16EC /* Scenes */,
			);
			path = Home;
			sourceTree = "<group>";
		};
		E58D8FE827DFF951006F16EC /* Scenes */ = {
			isa = PBXGroup;
			children = (
				E58D8FEA27DFF961006F16EC /* Home */,
			);
			path = Scenes;
			sourceTree = "<group>";
		};
		E58D8FE927DFF956006F16EC /* Scenes */ = {
			isa = PBXGroup;
			children = (
				E58D8FEF27DFF97B006F16EC /* LaunchDetails */,
			);
			path = Scenes;
			sourceTree = "<group>";
		};
		E58D8FEA27DFF961006F16EC /* Home */ = {
			isa = PBXGroup;
			children = (
				E58D8FEC27DFF96C006F16EC /* HomeScene.swift */,
				E58D8FEB27DFF96C006F16EC /* HomeViewModel.swift */,
			);
			path = Home;
			sourceTree = "<group>";
		};
		E58D8FEF27DFF97B006F16EC /* LaunchDetails */ = {
			isa = PBXGroup;
			children = (
				E58D903727E1C64E006F16EC /* LaunchDetailsScene.swift */,
				E58D903827E1C64E006F16EC /* LaunchDetailsViewModel.swift */,
				E58D8FF027DFF987006F16EC /* Views */,
			);
			path = LaunchDetails;
			sourceTree = "<group>";
		};
		E58D8FF027DFF987006F16EC /* Views */ = {
			isa = PBXGroup;
			children = (
				E58D8FF127DFF995006F16EC /* LaunchDetailsBodyView.swift */,
				F33C35A227E117F800DD8C12 /* LaunchDetailsHeaderView.swift */,
			);
			path = Views;
			sourceTree = "<group>";
		};
		E58D8FF427DFF9B0006F16EC /* Networking */ = {
			isa = PBXGroup;
			children = (
				E58D900027DFFA4B006F16EC /* Devpass-Example-NetworkClient */,
			);
			path = Networking;
			sourceTree = "<group>";
		};
		E58D8FF527DFF9BC006F16EC /* Services */ = {
			isa = PBXGroup;
			children = (
				E58D8FFA27DFFA0C006F16EC /* DevpassExample-APIClient */,
			);
			path = Services;
			sourceTree = "<group>";
		};
		E58D8FFA27DFFA0C006F16EC /* DevpassExample-APIClient */ = {
			isa = PBXGroup;
			children = (
				E58D8FFB27DFFA17006F16EC /* Models */,
				E58D8FFC27DFFA27006F16EC /* SpaceXAPIClient.swift */,
			);
			path = "DevpassExample-APIClient";
			sourceTree = "<group>";
		};
		E58D8FFB27DFFA17006F16EC /* Models */ = {
			isa = PBXGroup;
			children = (
				E58D8FFE27DFFA30006F16EC /* AllLaunchesResponse.swift */,
			);
			path = Models;
			sourceTree = "<group>";
		};
		E58D900027DFFA4B006F16EC /* Devpass-Example-NetworkClient */ = {
			isa = PBXGroup;
			children = (
				E58D900327DFFA5A006F16EC /* ContentType.swift */,
				E58D900427DFFA5A006F16EC /* HTTPClient.swift */,
				E58D900127DFFA5A006F16EC /* HTTPHeaderField.swift */,
				E58D900527DFFA5A006F16EC /* HTTPMethod.swift */,
				E58D900227DFFA5A006F16EC /* NetworkClient.swift */,
				E58D900627DFFA5A006F16EC /* Response.swift */,
			);
			path = "Devpass-Example-NetworkClient";
			sourceTree = "<group>";
		};
		E58D901127DFFABE006F16EC /* UI */ = {
			isa = PBXGroup;
			children = (
				E58D902327DFFB1C006F16EC /* Components */,
				E58D901227DFFAD3006F16EC /* DesignSystem */,
				E58D903227E1C4C8006F16EC /* Extensions */,
			);
			path = UI;
			sourceTree = "<group>";
		};
		E58D901227DFFAD3006F16EC /* DesignSystem */ = {
			isa = PBXGroup;
			children = (
				E58D902127DFFAF7006F16EC /* Definitions */,
				E58D902227DFFB0E006F16EC /* Modifiers */,
			);
			path = DesignSystem;
			sourceTree = "<group>";
		};
		E58D902127DFFAF7006F16EC /* Definitions */ = {
			isa = PBXGroup;
			children = (
				E58D901727DFFAE3006F16EC /* DS.swift */,
				E58D901827DFFAE3006F16EC /* DS+Color.swift */,
				E58D901927DFFAE3006F16EC /* DS+CornerRadius.swift */,
				E58D901327DFFAE3006F16EC /* DS+Padding.swift */,
				E58D901427DFFAE3006F16EC /* DS+Spacing.swift */,
				E58D901527DFFAE3006F16EC /* DS+Typography.swift */,
			);
			path = Definitions;
			sourceTree = "<group>";
		};
		E58D902227DFFB0E006F16EC /* Modifiers */ = {
			isa = PBXGroup;
			children = (
				E58D901627DFFAE3006F16EC /* Text+Typography.swift */,
			);
			path = Modifiers;
			sourceTree = "<group>";
		};
		E58D902327DFFB1C006F16EC /* Components */ = {
			isa = PBXGroup;
			children = (
				E58D902427DFFB23006F16EC /* Buttons */,
				E58D902927DFFB53006F16EC /* Views */,
			);
			path = Components;
			sourceTree = "<group>";
		};
		E58D902427DFFB23006F16EC /* Buttons */ = {
			isa = PBXGroup;
			children = (
				E58D902527DFFB2A006F16EC /* Styles */,
			);
			path = Buttons;
			sourceTree = "<group>";
		};
		E58D902527DFFB2A006F16EC /* Styles */ = {
			isa = PBXGroup;
			children = (
				E58D902627DFFB42006F16EC /* SpaceButtonStyle.swift */,
			);
			path = Styles;
			sourceTree = "<group>";
		};
		E58D902927DFFB53006F16EC /* Views */ = {
			isa = PBXGroup;
			children = (
				E58D902A27DFFB65006F16EC /* ContentInfoView.swift */,
				E58D902B27DFFB65006F16EC /* EmptyView.swift */,
				94E94FF727E0DED5003CA84B /* LoadingView.swift */,
				E58D902C27DFFB65006F16EC /* NavigationSceneView.swift */,
			);
			path = Views;
			sourceTree = "<group>";
		};
		E58D903227E1C4C8006F16EC /* Extensions */ = {
			isa = PBXGroup;
			children = (
				94E94FFD27E0E19B003CA84B /* View+PreviewSquare.swift */,
			);
			path = Extensions;
			sourceTree = "<group>";
		};
		E58D903627E1C53F006F16EC /* Foundation */ = {
			isa = PBXGroup;
			children = (
				E58D8FF627DFF9D4006F16EC /* String+Localized.swift */,
			);
			path = Foundation;
			sourceTree = "<group>";
		};
/* End PBXGroup section */

/* Begin PBXNativeTarget section */
		98B5516A2784D78900AC9086 /* SpaceApp */ = {
			isa = PBXNativeTarget;
			buildConfigurationList = 98B5518F2784D78F00AC9086 /* Build configuration list for PBXNativeTarget "SpaceApp" */;
			buildPhases = (
				98B551672784D78900AC9086 /* Sources */,
				98B551682784D78900AC9086 /* Frameworks */,
				98B551692784D78900AC9086 /* Resources */,
			);
			buildRules = (
			);
			dependencies = (
			);
			name = SpaceApp;
			productName = SpaceApp;
			productReference = 98B5516B2784D78900AC9086 /* SpaceApp.app */;
			productType = "com.apple.product-type.application";
		};
		98B5517A2784D78F00AC9086 /* SpaceAppTests */ = {
			isa = PBXNativeTarget;
			buildConfigurationList = 98B551922784D78F00AC9086 /* Build configuration list for PBXNativeTarget "SpaceAppTests" */;
			buildPhases = (
				98B551772784D78F00AC9086 /* Sources */,
				98B551782784D78F00AC9086 /* Frameworks */,
				98B551792784D78F00AC9086 /* Resources */,
			);
			buildRules = (
			);
			dependencies = (
				98B5517D2784D78F00AC9086 /* PBXTargetDependency */,
			);
			name = SpaceAppTests;
			packageProductDependencies = (
			);
			productName = SpaceAppTests;
			productReference = 98B5517B2784D78F00AC9086 /* SpaceAppTests.xctest */;
			productType = "com.apple.product-type.bundle.unit-test";
		};
		98B551842784D78F00AC9086 /* SpaceAppUITests */ = {
			isa = PBXNativeTarget;
			buildConfigurationList = 98B551952784D78F00AC9086 /* Build configuration list for PBXNativeTarget "SpaceAppUITests" */;
			buildPhases = (
				98B551812784D78F00AC9086 /* Sources */,
				98B551822784D78F00AC9086 /* Frameworks */,
				98B551832784D78F00AC9086 /* Resources */,
			);
			buildRules = (
			);
			dependencies = (
				98B551872784D78F00AC9086 /* PBXTargetDependency */,
			);
			name = SpaceAppUITests;
			productName = SpaceAppUITests;
			productReference = 98B551852784D78F00AC9086 /* SpaceAppUITests.xctest */;
			productType = "com.apple.product-type.bundle.ui-testing";
		};
/* End PBXNativeTarget section */

/* Begin PBXProject section */
		98B551632784D78900AC9086 /* Project object */ = {
			isa = PBXProject;
			attributes = {
				BuildIndependentTargetsInParallel = 1;
				LastSwiftUpdateCheck = 1320;
				LastUpgradeCheck = 1320;
				TargetAttributes = {
					98B5516A2784D78900AC9086 = {
						CreatedOnToolsVersion = 13.2.1;
					};
					98B5517A2784D78F00AC9086 = {
						CreatedOnToolsVersion = 13.2.1;
						TestTargetID = 98B5516A2784D78900AC9086;
					};
					98B551842784D78F00AC9086 = {
						CreatedOnToolsVersion = 13.2.1;
						TestTargetID = 98B5516A2784D78900AC9086;
					};
				};
			};
			buildConfigurationList = 98B551662784D78900AC9086 /* Build configuration list for PBXProject "SpaceApp" */;
			compatibilityVersion = "Xcode 13.0";
			developmentRegion = en;
			hasScannedForEncodings = 0;
			knownRegions = (
				en,
				Base,
			);
			mainGroup = 98B551622784D78900AC9086;
			packageReferences = (
			);
			productRefGroup = 98B5516C2784D78900AC9086 /* Products */;
			projectDirPath = "";
			projectRoot = "";
			targets = (
				98B5516A2784D78900AC9086 /* SpaceApp */,
				98B5517A2784D78F00AC9086 /* SpaceAppTests */,
				98B551842784D78F00AC9086 /* SpaceAppUITests */,
			);
		};
/* End PBXProject section */

/* Begin PBXResourcesBuildPhase section */
		98B551692784D78900AC9086 /* Resources */ = {
			isa = PBXResourcesBuildPhase;
			buildActionMask = 2147483647;
			files = (
				98B551762784D78E00AC9086 /* Preview Assets.xcassets in Resources */,
				E58D900E27DFFA74006F16EC /* Localizable.strings in Resources */,
				98B551732784D78E00AC9086 /* Assets.xcassets in Resources */,
			);
			runOnlyForDeploymentPostprocessing = 0;
		};
		98B551792784D78F00AC9086 /* Resources */ = {
			isa = PBXResourcesBuildPhase;
			buildActionMask = 2147483647;
			files = (
			);
			runOnlyForDeploymentPostprocessing = 0;
		};
		98B551832784D78F00AC9086 /* Resources */ = {
			isa = PBXResourcesBuildPhase;
			buildActionMask = 2147483647;
			files = (
			);
			runOnlyForDeploymentPostprocessing = 0;
		};
/* End PBXResourcesBuildPhase section */

/* Begin PBXSourcesBuildPhase section */
		98B551672784D78900AC9086 /* Sources */ = {
			isa = PBXSourcesBuildPhase;
			buildActionMask = 2147483647;
			files = (
				E58D903927E1C64F006F16EC /* LaunchDetailsScene.swift in Sources */,
				E58D901C27DFFAE3006F16EC /* DS+Typography.swift in Sources */,
				E58D8FFF27DFFA30006F16EC /* AllLaunchesResponse.swift in Sources */,
				E58D8FF227DFF995006F16EC /* LaunchDetailsBodyView.swift in Sources */,
				7A6B2AFC27E0A6A0008BE9B4 /* AllLaunchesScene.swift in Sources */,
				E58D901B27DFFAE3006F16EC /* DS+Spacing.swift in Sources */,
				E58D902E27DFFB65006F16EC /* EmptyView.swift in Sources */,
				E58D902727DFFB42006F16EC /* SpaceButtonStyle.swift in Sources */,
				E58D901D27DFFAE3006F16EC /* Text+Typography.swift in Sources */,
				94E94FF827E0DED5003CA84B /* LoadingView.swift in Sources */,
				E58D8FFD27DFFA27006F16EC /* SpaceXAPIClient.swift in Sources */,
				94E94FFF27E0E19B003CA84B /* View+PreviewSquare.swift in Sources */,
				E58D8FEE27DFF96C006F16EC /* HomeScene.swift in Sources */,
				E58D902F27DFFB65006F16EC /* NavigationSceneView.swift in Sources */,
				E58D901027DFFA91006F16EC /* L10n.swift in Sources */,
				E58D8FDF27DFF8B0006F16EC /* SpaceAppApp.swift in Sources */,
				E58D902027DFFAE3006F16EC /* DS+CornerRadius.swift in Sources */,
				E58D902D27DFFB65006F16EC /* ContentInfoView.swift in Sources */,
				E58D900927DFFA5A006F16EC /* ContentType.swift in Sources */,
				E58D900C27DFFA5A006F16EC /* Response.swift in Sources */,
				E58D901A27DFFAE3006F16EC /* DS+Padding.swift in Sources */,
				7A6B2AFE27E0A6D8008BE9B4 /* LaunchCard.swift in Sources */,
				E58D900A27DFFA5A006F16EC /* HTTPClient.swift in Sources */,
				E58D900827DFFA5A006F16EC /* NetworkClient.swift in Sources */,
				E58D900B27DFFA5A006F16EC /* HTTPMethod.swift in Sources */,
				E58D900727DFFA5A006F16EC /* HTTPHeaderField.swift in Sources */,
				F33C35A327E117F800DD8C12 /* LaunchDetailsHeaderView.swift in Sources */,
				E58D8FED27DFF96C006F16EC /* HomeViewModel.swift in Sources */,
				E58D901E27DFFAE3006F16EC /* DS.swift in Sources */,
				E58D901F27DFFAE3006F16EC /* DS+Color.swift in Sources */,
				E58D8FF727DFF9D4006F16EC /* String+Localized.swift in Sources */,
				E58D903A27E1C64F006F16EC /* LaunchDetailsViewModel.swift in Sources */,
			);
			runOnlyForDeploymentPostprocessing = 0;
		};
		98B551772784D78F00AC9086 /* Sources */ = {
			isa = PBXSourcesBuildPhase;
			buildActionMask = 2147483647;
			files = (
				98B551802784D78F00AC9086 /* SpaceAppTests.swift in Sources */,
			);
			runOnlyForDeploymentPostprocessing = 0;
		};
		98B551812784D78F00AC9086 /* Sources */ = {
			isa = PBXSourcesBuildPhase;
			buildActionMask = 2147483647;
			files = (
				98B5518C2784D78F00AC9086 /* SpaceAppUITestsLaunchTests.swift in Sources */,
				98B5518A2784D78F00AC9086 /* SpaceAppUITests.swift in Sources */,
			);
			runOnlyForDeploymentPostprocessing = 0;
		};
/* End PBXSourcesBuildPhase section */

/* Begin PBXTargetDependency section */
		98B5517D2784D78F00AC9086 /* PBXTargetDependency */ = {
			isa = PBXTargetDependency;
			target = 98B5516A2784D78900AC9086 /* SpaceApp */;
			targetProxy = 98B5517C2784D78F00AC9086 /* PBXContainerItemProxy */;
		};
		98B551872784D78F00AC9086 /* PBXTargetDependency */ = {
			isa = PBXTargetDependency;
			target = 98B5516A2784D78900AC9086 /* SpaceApp */;
			targetProxy = 98B551862784D78F00AC9086 /* PBXContainerItemProxy */;
		};
/* End PBXTargetDependency section */

/* Begin XCBuildConfiguration section */
		98B5518D2784D78F00AC9086 /* Debug */ = {
			isa = XCBuildConfiguration;
			buildSettings = {
				ALWAYS_SEARCH_USER_PATHS = NO;
				CLANG_ANALYZER_NONNULL = YES;
				CLANG_ANALYZER_NUMBER_OBJECT_CONVERSION = YES_AGGRESSIVE;
				CLANG_CXX_LANGUAGE_STANDARD = "gnu++17";
				CLANG_CXX_LIBRARY = "libc++";
				CLANG_ENABLE_MODULES = YES;
				CLANG_ENABLE_OBJC_ARC = YES;
				CLANG_ENABLE_OBJC_WEAK = YES;
				CLANG_WARN_BLOCK_CAPTURE_AUTORELEASING = YES;
				CLANG_WARN_BOOL_CONVERSION = YES;
				CLANG_WARN_COMMA = YES;
				CLANG_WARN_CONSTANT_CONVERSION = YES;
				CLANG_WARN_DEPRECATED_OBJC_IMPLEMENTATIONS = YES;
				CLANG_WARN_DIRECT_OBJC_ISA_USAGE = YES_ERROR;
				CLANG_WARN_DOCUMENTATION_COMMENTS = YES;
				CLANG_WARN_EMPTY_BODY = YES;
				CLANG_WARN_ENUM_CONVERSION = YES;
				CLANG_WARN_INFINITE_RECURSION = YES;
				CLANG_WARN_INT_CONVERSION = YES;
				CLANG_WARN_NON_LITERAL_NULL_CONVERSION = YES;
				CLANG_WARN_OBJC_IMPLICIT_RETAIN_SELF = YES;
				CLANG_WARN_OBJC_LITERAL_CONVERSION = YES;
				CLANG_WARN_OBJC_ROOT_CLASS = YES_ERROR;
				CLANG_WARN_QUOTED_INCLUDE_IN_FRAMEWORK_HEADER = YES;
				CLANG_WARN_RANGE_LOOP_ANALYSIS = YES;
				CLANG_WARN_STRICT_PROTOTYPES = YES;
				CLANG_WARN_SUSPICIOUS_MOVE = YES;
				CLANG_WARN_UNGUARDED_AVAILABILITY = YES_AGGRESSIVE;
				CLANG_WARN_UNREACHABLE_CODE = YES;
				CLANG_WARN__DUPLICATE_METHOD_MATCH = YES;
				COPY_PHASE_STRIP = NO;
				DEBUG_INFORMATION_FORMAT = dwarf;
				ENABLE_STRICT_OBJC_MSGSEND = YES;
				ENABLE_TESTABILITY = YES;
				GCC_C_LANGUAGE_STANDARD = gnu11;
				GCC_DYNAMIC_NO_PIC = NO;
				GCC_NO_COMMON_BLOCKS = YES;
				GCC_OPTIMIZATION_LEVEL = 0;
				GCC_PREPROCESSOR_DEFINITIONS = (
					"DEBUG=1",
					"$(inherited)",
				);
				GCC_WARN_64_TO_32_BIT_CONVERSION = YES;
				GCC_WARN_ABOUT_RETURN_TYPE = YES_ERROR;
				GCC_WARN_UNDECLARED_SELECTOR = YES;
				GCC_WARN_UNINITIALIZED_AUTOS = YES_AGGRESSIVE;
				GCC_WARN_UNUSED_FUNCTION = YES;
				GCC_WARN_UNUSED_VARIABLE = YES;
				IPHONEOS_DEPLOYMENT_TARGET = 15.0;
				MTL_ENABLE_DEBUG_INFO = INCLUDE_SOURCE;
				MTL_FAST_MATH = YES;
				ONLY_ACTIVE_ARCH = YES;
				SDKROOT = iphoneos;
				SWIFT_ACTIVE_COMPILATION_CONDITIONS = DEBUG;
				SWIFT_OPTIMIZATION_LEVEL = "-Onone";
			};
			name = Debug;
		};
		98B5518E2784D78F00AC9086 /* Release */ = {
			isa = XCBuildConfiguration;
			buildSettings = {
				ALWAYS_SEARCH_USER_PATHS = NO;
				CLANG_ANALYZER_NONNULL = YES;
				CLANG_ANALYZER_NUMBER_OBJECT_CONVERSION = YES_AGGRESSIVE;
				CLANG_CXX_LANGUAGE_STANDARD = "gnu++17";
				CLANG_CXX_LIBRARY = "libc++";
				CLANG_ENABLE_MODULES = YES;
				CLANG_ENABLE_OBJC_ARC = YES;
				CLANG_ENABLE_OBJC_WEAK = YES;
				CLANG_WARN_BLOCK_CAPTURE_AUTORELEASING = YES;
				CLANG_WARN_BOOL_CONVERSION = YES;
				CLANG_WARN_COMMA = YES;
				CLANG_WARN_CONSTANT_CONVERSION = YES;
				CLANG_WARN_DEPRECATED_OBJC_IMPLEMENTATIONS = YES;
				CLANG_WARN_DIRECT_OBJC_ISA_USAGE = YES_ERROR;
				CLANG_WARN_DOCUMENTATION_COMMENTS = YES;
				CLANG_WARN_EMPTY_BODY = YES;
				CLANG_WARN_ENUM_CONVERSION = YES;
				CLANG_WARN_INFINITE_RECURSION = YES;
				CLANG_WARN_INT_CONVERSION = YES;
				CLANG_WARN_NON_LITERAL_NULL_CONVERSION = YES;
				CLANG_WARN_OBJC_IMPLICIT_RETAIN_SELF = YES;
				CLANG_WARN_OBJC_LITERAL_CONVERSION = YES;
				CLANG_WARN_OBJC_ROOT_CLASS = YES_ERROR;
				CLANG_WARN_QUOTED_INCLUDE_IN_FRAMEWORK_HEADER = YES;
				CLANG_WARN_RANGE_LOOP_ANALYSIS = YES;
				CLANG_WARN_STRICT_PROTOTYPES = YES;
				CLANG_WARN_SUSPICIOUS_MOVE = YES;
				CLANG_WARN_UNGUARDED_AVAILABILITY = YES_AGGRESSIVE;
				CLANG_WARN_UNREACHABLE_CODE = YES;
				CLANG_WARN__DUPLICATE_METHOD_MATCH = YES;
				COPY_PHASE_STRIP = NO;
				DEBUG_INFORMATION_FORMAT = "dwarf-with-dsym";
				ENABLE_NS_ASSERTIONS = NO;
				ENABLE_STRICT_OBJC_MSGSEND = YES;
				GCC_C_LANGUAGE_STANDARD = gnu11;
				GCC_NO_COMMON_BLOCKS = YES;
				GCC_WARN_64_TO_32_BIT_CONVERSION = YES;
				GCC_WARN_ABOUT_RETURN_TYPE = YES_ERROR;
				GCC_WARN_UNDECLARED_SELECTOR = YES;
				GCC_WARN_UNINITIALIZED_AUTOS = YES_AGGRESSIVE;
				GCC_WARN_UNUSED_FUNCTION = YES;
				GCC_WARN_UNUSED_VARIABLE = YES;
				IPHONEOS_DEPLOYMENT_TARGET = 15.0;
				MTL_ENABLE_DEBUG_INFO = NO;
				MTL_FAST_MATH = YES;
				SDKROOT = iphoneos;
				SWIFT_COMPILATION_MODE = wholemodule;
				SWIFT_OPTIMIZATION_LEVEL = "-O";
				VALIDATE_PRODUCT = YES;
			};
			name = Release;
		};
		98B551902784D78F00AC9086 /* Debug */ = {
			isa = XCBuildConfiguration;
			buildSettings = {
				ASSETCATALOG_COMPILER_APPICON_NAME = AppIcon;
				ASSETCATALOG_COMPILER_GLOBAL_ACCENT_COLOR_NAME = AccentColor;
				CODE_SIGN_STYLE = Automatic;
				CURRENT_PROJECT_VERSION = 1;
				DEVELOPMENT_ASSET_PATHS = "\"SpaceApp/Preview Content\"";
				DEVELOPMENT_TEAM = AZJDHZ37UU;
				ENABLE_PREVIEWS = YES;
				GENERATE_INFOPLIST_FILE = YES;
				INFOPLIST_FILE = SpaceApp/Resources/Info.plist;
				INFOPLIST_KEY_UIApplicationSceneManifest_Generation = YES;
				INFOPLIST_KEY_UIApplicationSupportsIndirectInputEvents = YES;
				INFOPLIST_KEY_UILaunchScreen_Generation = YES;
				INFOPLIST_KEY_UISupportedInterfaceOrientations = UIInterfaceOrientationPortrait;
				INFOPLIST_KEY_UISupportedInterfaceOrientations_iPad = "UIInterfaceOrientationPortrait UIInterfaceOrientationPortraitUpsideDown UIInterfaceOrientationLandscapeLeft UIInterfaceOrientationLandscapeRight";
				INFOPLIST_KEY_UISupportedInterfaceOrientations_iPhone = "UIInterfaceOrientationPortrait UIInterfaceOrientationLandscapeLeft UIInterfaceOrientationLandscapeRight";
				IPHONEOS_DEPLOYMENT_TARGET = 14.0;
				LD_RUNPATH_SEARCH_PATHS = (
					"$(inherited)",
					"@executable_path/Frameworks",
				);
				MARKETING_VERSION = 1.0;
				PRODUCT_BUNDLE_IDENTIFIER = com.devpass.SpaceApp;
				PRODUCT_NAME = "$(TARGET_NAME)";
				SWIFT_EMIT_LOC_STRINGS = YES;
				SWIFT_VERSION = 5.0;
				TARGETED_DEVICE_FAMILY = "1,2";
			};
			name = Debug;
		};
		98B551912784D78F00AC9086 /* Release */ = {
			isa = XCBuildConfiguration;
			buildSettings = {
				ASSETCATALOG_COMPILER_APPICON_NAME = AppIcon;
				ASSETCATALOG_COMPILER_GLOBAL_ACCENT_COLOR_NAME = AccentColor;
				CODE_SIGN_STYLE = Automatic;
				CURRENT_PROJECT_VERSION = 1;
				DEVELOPMENT_ASSET_PATHS = "\"SpaceApp/Preview Content\"";
				DEVELOPMENT_TEAM = AZJDHZ37UU;
				ENABLE_PREVIEWS = YES;
				GENERATE_INFOPLIST_FILE = YES;
				INFOPLIST_FILE = SpaceApp/Resources/Info.plist;
				INFOPLIST_KEY_UIApplicationSceneManifest_Generation = YES;
				INFOPLIST_KEY_UIApplicationSupportsIndirectInputEvents = YES;
				INFOPLIST_KEY_UILaunchScreen_Generation = YES;
				INFOPLIST_KEY_UISupportedInterfaceOrientations = UIInterfaceOrientationPortrait;
				INFOPLIST_KEY_UISupportedInterfaceOrientations_iPad = "UIInterfaceOrientationPortrait UIInterfaceOrientationPortraitUpsideDown UIInterfaceOrientationLandscapeLeft UIInterfaceOrientationLandscapeRight";
				INFOPLIST_KEY_UISupportedInterfaceOrientations_iPhone = "UIInterfaceOrientationPortrait UIInterfaceOrientationLandscapeLeft UIInterfaceOrientationLandscapeRight";
				IPHONEOS_DEPLOYMENT_TARGET = 14.0;
				LD_RUNPATH_SEARCH_PATHS = (
					"$(inherited)",
					"@executable_path/Frameworks",
				);
				MARKETING_VERSION = 1.0;
				PRODUCT_BUNDLE_IDENTIFIER = com.devpass.SpaceApp;
				PRODUCT_NAME = "$(TARGET_NAME)";
				SWIFT_EMIT_LOC_STRINGS = YES;
				SWIFT_VERSION = 5.0;
				TARGETED_DEVICE_FAMILY = "1,2";
			};
			name = Release;
		};
		98B551932784D78F00AC9086 /* Debug */ = {
			isa = XCBuildConfiguration;
			buildSettings = {
				ALWAYS_EMBED_SWIFT_STANDARD_LIBRARIES = YES;
				BUNDLE_LOADER = "$(TEST_HOST)";
				CODE_SIGN_STYLE = Automatic;
				CURRENT_PROJECT_VERSION = 1;
				DEVELOPMENT_TEAM = B8F644M47X;
				GENERATE_INFOPLIST_FILE = YES;
				IPHONEOS_DEPLOYMENT_TARGET = 15.0;
				MARKETING_VERSION = 1.0;
				PRODUCT_BUNDLE_IDENTIFIER = com.devpass.SpaceAppTests;
				PRODUCT_NAME = "$(TARGET_NAME)";
				SWIFT_EMIT_LOC_STRINGS = NO;
				SWIFT_VERSION = 5.0;
				TARGETED_DEVICE_FAMILY = "1,2";
				TEST_HOST = "$(BUILT_PRODUCTS_DIR)/SpaceApp.app/SpaceApp";
			};
			name = Debug;
		};
		98B551942784D78F00AC9086 /* Release */ = {
			isa = XCBuildConfiguration;
			buildSettings = {
				ALWAYS_EMBED_SWIFT_STANDARD_LIBRARIES = YES;
				BUNDLE_LOADER = "$(TEST_HOST)";
				CODE_SIGN_STYLE = Automatic;
				CURRENT_PROJECT_VERSION = 1;
				DEVELOPMENT_TEAM = B8F644M47X;
				GENERATE_INFOPLIST_FILE = YES;
				IPHONEOS_DEPLOYMENT_TARGET = 15.0;
				MARKETING_VERSION = 1.0;
				PRODUCT_BUNDLE_IDENTIFIER = com.devpass.SpaceAppTests;
				PRODUCT_NAME = "$(TARGET_NAME)";
				SWIFT_EMIT_LOC_STRINGS = NO;
				SWIFT_VERSION = 5.0;
				TARGETED_DEVICE_FAMILY = "1,2";
				TEST_HOST = "$(BUILT_PRODUCTS_DIR)/SpaceApp.app/SpaceApp";
			};
			name = Release;
		};
		98B551962784D78F00AC9086 /* Debug */ = {
			isa = XCBuildConfiguration;
			buildSettings = {
				ALWAYS_EMBED_SWIFT_STANDARD_LIBRARIES = YES;
				CODE_SIGN_STYLE = Automatic;
				CURRENT_PROJECT_VERSION = 1;
				DEVELOPMENT_TEAM = B8F644M47X;
				GENERATE_INFOPLIST_FILE = YES;
				MARKETING_VERSION = 1.0;
				PRODUCT_BUNDLE_IDENTIFIER = com.devpass.SpaceAppUITests;
				PRODUCT_NAME = "$(TARGET_NAME)";
				SWIFT_EMIT_LOC_STRINGS = NO;
				SWIFT_VERSION = 5.0;
				TARGETED_DEVICE_FAMILY = "1,2";
				TEST_TARGET_NAME = SpaceApp;
			};
			name = Debug;
		};
		98B551972784D78F00AC9086 /* Release */ = {
			isa = XCBuildConfiguration;
			buildSettings = {
				ALWAYS_EMBED_SWIFT_STANDARD_LIBRARIES = YES;
				CODE_SIGN_STYLE = Automatic;
				CURRENT_PROJECT_VERSION = 1;
				DEVELOPMENT_TEAM = B8F644M47X;
				GENERATE_INFOPLIST_FILE = YES;
				MARKETING_VERSION = 1.0;
				PRODUCT_BUNDLE_IDENTIFIER = com.devpass.SpaceAppUITests;
				PRODUCT_NAME = "$(TARGET_NAME)";
				SWIFT_EMIT_LOC_STRINGS = NO;
				SWIFT_VERSION = 5.0;
				TARGETED_DEVICE_FAMILY = "1,2";
				TEST_TARGET_NAME = SpaceApp;
			};
			name = Release;
		};
/* End XCBuildConfiguration section */

/* Begin XCConfigurationList section */
		98B551662784D78900AC9086 /* Build configuration list for PBXProject "SpaceApp" */ = {
			isa = XCConfigurationList;
			buildConfigurations = (
				98B5518D2784D78F00AC9086 /* Debug */,
				98B5518E2784D78F00AC9086 /* Release */,
			);
			defaultConfigurationIsVisible = 0;
			defaultConfigurationName = Release;
		};
		98B5518F2784D78F00AC9086 /* Build configuration list for PBXNativeTarget "SpaceApp" */ = {
			isa = XCConfigurationList;
			buildConfigurations = (
				98B551902784D78F00AC9086 /* Debug */,
				98B551912784D78F00AC9086 /* Release */,
			);
			defaultConfigurationIsVisible = 0;
			defaultConfigurationName = Release;
		};
		98B551922784D78F00AC9086 /* Build configuration list for PBXNativeTarget "SpaceAppTests" */ = {
			isa = XCConfigurationList;
			buildConfigurations = (
				98B551932784D78F00AC9086 /* Debug */,
				98B551942784D78F00AC9086 /* Release */,
			);
			defaultConfigurationIsVisible = 0;
			defaultConfigurationName = Release;
		};
		98B551952784D78F00AC9086 /* Build configuration list for PBXNativeTarget "SpaceAppUITests" */ = {
			isa = XCConfigurationList;
			buildConfigurations = (
				98B551962784D78F00AC9086 /* Debug */,
				98B551972784D78F00AC9086 /* Release */,
			);
			defaultConfigurationIsVisible = 0;
			defaultConfigurationName = Release;
		};
/* End XCConfigurationList section */
	};
	rootObject = 98B551632784D78900AC9086 /* Project object */;
}
