// !$*UTF8*$!
{
	archiveVersion = 1;
	classes = {
	};
	objectVersion = 55;
	objects = {

/* Begin PBXBuildFile section */
		98B5516F2784D78900AC9086 /* SpaceAppApp.swift in Sources */ = {isa = PBXBuildFile; fileRef = 98B5516E2784D78900AC9086 /* SpaceAppApp.swift */; };
		98B551712784D78900AC9086 /* HomeView.swift in Sources */ = {isa = PBXBuildFile; fileRef = 98B551702784D78900AC9086 /* HomeView.swift */; };
		98B551732784D78E00AC9086 /* Assets.xcassets in Resources */ = {isa = PBXBuildFile; fileRef = 98B551722784D78E00AC9086 /* Assets.xcassets */; };
		98B551762784D78E00AC9086 /* Preview Assets.xcassets in Resources */ = {isa = PBXBuildFile; fileRef = 98B551752784D78E00AC9086 /* Preview Assets.xcassets */; };
		98B551802784D78F00AC9086 /* SpaceAppTests.swift in Sources */ = {isa = PBXBuildFile; fileRef = 98B5517F2784D78F00AC9086 /* SpaceAppTests.swift */; };
		98B5518A2784D78F00AC9086 /* SpaceAppUITests.swift in Sources */ = {isa = PBXBuildFile; fileRef = 98B551892784D78F00AC9086 /* SpaceAppUITests.swift */; };
		98B5518C2784D78F00AC9086 /* SpaceAppUITestsLaunchTests.swift in Sources */ = {isa = PBXBuildFile; fileRef = 98B5518B2784D78F00AC9086 /* SpaceAppUITestsLaunchTests.swift */; };
		98BDC9812784F865003820AD /* ContentType.swift in Sources */ = {isa = PBXBuildFile; fileRef = 98BDC9802784F865003820AD /* ContentType.swift */; };
		98BDC9832784F86F003820AD /* HTTPClient.swift in Sources */ = {isa = PBXBuildFile; fileRef = 98BDC9822784F86F003820AD /* HTTPClient.swift */; };
		98BDC9852784F880003820AD /* HTTPHeaderField.swift in Sources */ = {isa = PBXBuildFile; fileRef = 98BDC9842784F880003820AD /* HTTPHeaderField.swift */; };
		98BDC9872784F888003820AD /* Response.swift in Sources */ = {isa = PBXBuildFile; fileRef = 98BDC9862784F888003820AD /* Response.swift */; };
		98BDC9892784F891003820AD /* NetworkClient.swift in Sources */ = {isa = PBXBuildFile; fileRef = 98BDC9882784F891003820AD /* NetworkClient.swift */; };
		98BDC98B2784F8B5003820AD /* HTTPMethod.swift in Sources */ = {isa = PBXBuildFile; fileRef = 98BDC98A2784F8B5003820AD /* HTTPMethod.swift */; };
		98BDC98D2784F928003820AD /* SpaceXAPIClient.swift in Sources */ = {isa = PBXBuildFile; fileRef = 98BDC98C2784F928003820AD /* SpaceXAPIClient.swift */; };
		98BDC98F2784F9D1003820AD /* AllLaunchesResponse.swift in Sources */ = {isa = PBXBuildFile; fileRef = 98BDC98E2784F9D1003820AD /* AllLaunchesResponse.swift */; };
/* End PBXBuildFile section */

/* Begin PBXContainerItemProxy section */
		98B5517C2784D78F00AC9086 /* PBXContainerItemProxy */ = {
			isa = PBXContainerItemProxy;
			containerPortal = 98B551632784D78900AC9086 /* Project object */;
			proxyType = 1;
			remoteGlobalIDString = 98B5516A2784D78900AC9086;
			remoteInfo = SpaceApp;
		};
		98B551862784D78F00AC9086 /* PBXContainerItemProxy */ = {
			isa = PBXContainerItemProxy;
			containerPortal = 98B551632784D78900AC9086 /* Project object */;
			proxyType = 1;
			remoteGlobalIDString = 98B5516A2784D78900AC9086;
			remoteInfo = SpaceApp;
		};
/* End PBXContainerItemProxy section */

/* Begin PBXFileReference section */
		98B5516B2784D78900AC9086 /* SpaceApp.app */ = {isa = PBXFileReference; explicitFileType = wrapper.application; includeInIndex = 0; path = SpaceApp.app; sourceTree = BUILT_PRODUCTS_DIR; };
		98B5516E2784D78900AC9086 /* SpaceAppApp.swift */ = {isa = PBXFileReference; lastKnownFileType = sourcecode.swift; path = SpaceAppApp.swift; sourceTree = "<group>"; };
		98B551702784D78900AC9086 /* HomeView.swift */ = {isa = PBXFileReference; lastKnownFileType = sourcecode.swift; path = HomeView.swift; sourceTree = "<group>"; };
		98B551722784D78E00AC9086 /* Assets.xcassets */ = {isa = PBXFileReference; lastKnownFileType = folder.assetcatalog; path = Assets.xcassets; sourceTree = "<group>"; };
		98B551752784D78E00AC9086 /* Preview Assets.xcassets */ = {isa = PBXFileReference; lastKnownFileType = folder.assetcatalog; path = "Preview Assets.xcassets"; sourceTree = "<group>"; };
		98B5517B2784D78F00AC9086 /* SpaceAppTests.xctest */ = {isa = PBXFileReference; explicitFileType = wrapper.cfbundle; includeInIndex = 0; path = SpaceAppTests.xctest; sourceTree = BUILT_PRODUCTS_DIR; };
		98B5517F2784D78F00AC9086 /* SpaceAppTests.swift */ = {isa = PBXFileReference; lastKnownFileType = sourcecode.swift; path = SpaceAppTests.swift; sourceTree = "<group>"; };
		98B551852784D78F00AC9086 /* SpaceAppUITests.xctest */ = {isa = PBXFileReference; explicitFileType = wrapper.cfbundle; includeInIndex = 0; path = SpaceAppUITests.xctest; sourceTree = BUILT_PRODUCTS_DIR; };
		98B551892784D78F00AC9086 /* SpaceAppUITests.swift */ = {isa = PBXFileReference; lastKnownFileType = sourcecode.swift; path = SpaceAppUITests.swift; sourceTree = "<group>"; };
		98B5518B2784D78F00AC9086 /* SpaceAppUITestsLaunchTests.swift */ = {isa = PBXFileReference; lastKnownFileType = sourcecode.swift; path = SpaceAppUITestsLaunchTests.swift; sourceTree = "<group>"; };
		98BDC9802784F865003820AD /* ContentType.swift */ = {isa = PBXFileReference; lastKnownFileType = sourcecode.swift; path = ContentType.swift; sourceTree = "<group>"; };
		98BDC9822784F86F003820AD /* HTTPClient.swift */ = {isa = PBXFileReference; lastKnownFileType = sourcecode.swift; path = HTTPClient.swift; sourceTree = "<group>"; };
		98BDC9842784F880003820AD /* HTTPHeaderField.swift */ = {isa = PBXFileReference; lastKnownFileType = sourcecode.swift; path = HTTPHeaderField.swift; sourceTree = "<group>"; };
		98BDC9862784F888003820AD /* Response.swift */ = {isa = PBXFileReference; lastKnownFileType = sourcecode.swift; path = Response.swift; sourceTree = "<group>"; };
		98BDC9882784F891003820AD /* NetworkClient.swift */ = {isa = PBXFileReference; lastKnownFileType = sourcecode.swift; path = NetworkClient.swift; sourceTree = "<group>"; };
		98BDC98A2784F8B5003820AD /* HTTPMethod.swift */ = {isa = PBXFileReference; lastKnownFileType = sourcecode.swift; path = HTTPMethod.swift; sourceTree = "<group>"; };
		98BDC98C2784F928003820AD /* SpaceXAPIClient.swift */ = {isa = PBXFileReference; lastKnownFileType = sourcecode.swift; path = SpaceXAPIClient.swift; sourceTree = "<group>"; };
		98BDC98E2784F9D1003820AD /* AllLaunchesResponse.swift */ = {isa = PBXFileReference; lastKnownFileType = sourcecode.swift; path = AllLaunchesResponse.swift; sourceTree = "<group>"; };
		98BDC9902784FBFC003820AD /* Info.plist */ = {isa = PBXFileReference; lastKnownFileType = text.plist.xml; path = Info.plist; sourceTree = "<group>"; };
/* End PBXFileReference section */

/* Begin PBXFrameworksBuildPhase section */
		98B551682784D78900AC9086 /* Frameworks */ = {
			isa = PBXFrameworksBuildPhase;
			buildActionMask = 2147483647;
			files = (
			);
			runOnlyForDeploymentPostprocessing = 0;
		};
		98B551782784D78F00AC9086 /* Frameworks */ = {
			isa = PBXFrameworksBuildPhase;
			buildActionMask = 2147483647;
			files = (
			);
			runOnlyForDeploymentPostprocessing = 0;
		};
		98B551822784D78F00AC9086 /* Frameworks */ = {
			isa = PBXFrameworksBuildPhase;
			buildActionMask = 2147483647;
			files = (
			);
			runOnlyForDeploymentPostprocessing = 0;
		};
/* End PBXFrameworksBuildPhase section */

/* Begin PBXGroup section */
		98B551622784D78900AC9086 = {
			isa = PBXGroup;
			children = (
				98B5516D2784D78900AC9086 /* SpaceApp */,
				98B5517E2784D78F00AC9086 /* SpaceAppTests */,
				98B551882784D78F00AC9086 /* SpaceAppUITests */,
				98B5516C2784D78900AC9086 /* Products */,
			);
			sourceTree = "<group>";
		};
		98B5516C2784D78900AC9086 /* Products */ = {
			isa = PBXGroup;
			children = (
				98B5516B2784D78900AC9086 /* SpaceApp.app */,
				98B5517B2784D78F00AC9086 /* SpaceAppTests.xctest */,
				98B551852784D78F00AC9086 /* SpaceAppUITests.xctest */,
			);
			name = Products;
			sourceTree = "<group>";
		};
		98B5516D2784D78900AC9086 /* SpaceApp */ = {
			isa = PBXGroup;
			children = (
				98BDC97C2784F6B3003820AD /* App */,
				98BDC97D2784F6CA003820AD /* Resources */,
				98BDC97B2784F6A5003820AD /* Screens */,
				98BDC9772784F674003820AD /* DataManager */,
				98BDC97F2784F6FA003820AD /* Extensions */,
				98B551742784D78E00AC9086 /* Preview Content */,
			);
			path = SpaceApp;
			sourceTree = "<group>";
		};
		98B551742784D78E00AC9086 /* Preview Content */ = {
			isa = PBXGroup;
			children = (
				98B551752784D78E00AC9086 /* Preview Assets.xcassets */,
			);
			path = "Preview Content";
			sourceTree = "<group>";
		};
		98B5517E2784D78F00AC9086 /* SpaceAppTests */ = {
			isa = PBXGroup;
			children = (
				98B5517F2784D78F00AC9086 /* SpaceAppTests.swift */,
			);
			path = SpaceAppTests;
			sourceTree = "<group>";
		};
		98B551882784D78F00AC9086 /* SpaceAppUITests */ = {
			isa = PBXGroup;
			children = (
				98B551892784D78F00AC9086 /* SpaceAppUITests.swift */,
				98B5518B2784D78F00AC9086 /* SpaceAppUITestsLaunchTests.swift */,
			);
			path = SpaceAppUITests;
			sourceTree = "<group>";
		};
		98BDC9772784F674003820AD /* DataManager */ = {
			isa = PBXGroup;
			children = (
				98BDC9782784F681003820AD /* Models */,
				98BDC9792784F687003820AD /* APIClient */,
				98BDC97A2784F695003820AD /* NetworkClient */,
			);
			path = DataManager;
			sourceTree = "<group>";
		};
		98BDC9782784F681003820AD /* Models */ = {
			isa = PBXGroup;
			children = (
				98BDC98E2784F9D1003820AD /* AllLaunchesResponse.swift */,
			);
			path = Models;
			sourceTree = "<group>";
		};
		98BDC9792784F687003820AD /* APIClient */ = {
			isa = PBXGroup;
			children = (
				98BDC98C2784F928003820AD /* SpaceXAPIClient.swift */,
			);
			path = APIClient;
			sourceTree = "<group>";
		};
		98BDC97A2784F695003820AD /* NetworkClient */ = {
			isa = PBXGroup;
			children = (
				98BDC9802784F865003820AD /* ContentType.swift */,
				98BDC9822784F86F003820AD /* HTTPClient.swift */,
				98BDC9842784F880003820AD /* HTTPHeaderField.swift */,
				98BDC9862784F888003820AD /* Response.swift */,
				98BDC9882784F891003820AD /* NetworkClient.swift */,
				98BDC98A2784F8B5003820AD /* HTTPMethod.swift */,
			);
			path = NetworkClient;
			sourceTree = "<group>";
		};
		98BDC97B2784F6A5003820AD /* Screens */ = {
			isa = PBXGroup;
			children = (
				98B551702784D78900AC9086 /* HomeView.swift */,
			);
			path = Screens;
			sourceTree = "<group>";
		};
		98BDC97C2784F6B3003820AD /* App */ = {
			isa = PBXGroup;
			children = (
				98B5516E2784D78900AC9086 /* SpaceAppApp.swift */,
			);
			path = App;
			sourceTree = "<group>";
		};
		98BDC97D2784F6CA003820AD /* Resources */ = {
			isa = PBXGroup;
			children = (
				98BDC9902784FBFC003820AD /* Info.plist */,
				98B551722784D78E00AC9086 /* Assets.xcassets */,
			);
			path = Resources;
			sourceTree = "<group>";
		};
		98BDC97F2784F6FA003820AD /* Extensions */ = {
			isa = PBXGroup;
			children = (
			);
			path = Extensions;
			sourceTree = "<group>";
		};
/* End PBXGroup section */

/* Begin PBXNativeTarget section */
		98B5516A2784D78900AC9086 /* SpaceApp */ = {
			isa = PBXNativeTarget;
			buildConfigurationList = 98B5518F2784D78F00AC9086 /* Build configuration list for PBXNativeTarget "SpaceApp" */;
			buildPhases = (
				98B551672784D78900AC9086 /* Sources */,
				98B551682784D78900AC9086 /* Frameworks */,
				98B551692784D78900AC9086 /* Resources */,
			);
			buildRules = (
			);
			dependencies = (
			);
			name = SpaceApp;
			productName = SpaceApp;
			productReference = 98B5516B2784D78900AC9086 /* SpaceApp.app */;
			productType = "com.apple.product-type.application";
		};
		98B5517A2784D78F00AC9086 /* SpaceAppTests */ = {
			isa = PBXNativeTarget;
			buildConfigurationList = 98B551922784D78F00AC9086 /* Build configuration list for PBXNativeTarget "SpaceAppTests" */;
			buildPhases = (
				98B551772784D78F00AC9086 /* Sources */,
				98B551782784D78F00AC9086 /* Frameworks */,
				98B551792784D78F00AC9086 /* Resources */,
			);
			buildRules = (
			);
			dependencies = (
				98B5517D2784D78F00AC9086 /* PBXTargetDependency */,
			);
			name = SpaceAppTests;
			productName = SpaceAppTests;
			productReference = 98B5517B2784D78F00AC9086 /* SpaceAppTests.xctest */;
			productType = "com.apple.product-type.bundle.unit-test";
		};
		98B551842784D78F00AC9086 /* SpaceAppUITests */ = {
			isa = PBXNativeTarget;
			buildConfigurationList = 98B551952784D78F00AC9086 /* Build configuration list for PBXNativeTarget "SpaceAppUITests" */;
			buildPhases = (
				98B551812784D78F00AC9086 /* Sources */,
				98B551822784D78F00AC9086 /* Frameworks */,
				98B551832784D78F00AC9086 /* Resources */,
			);
			buildRules = (
			);
			dependencies = (
				98B551872784D78F00AC9086 /* PBXTargetDependency */,
			);
			name = SpaceAppUITests;
			productName = SpaceAppUITests;
			productReference = 98B551852784D78F00AC9086 /* SpaceAppUITests.xctest */;
			productType = "com.apple.product-type.bundle.ui-testing";
		};
/* End PBXNativeTarget section */

/* Begin PBXProject section */
		98B551632784D78900AC9086 /* Project object */ = {
			isa = PBXProject;
			attributes = {
				BuildIndependentTargetsInParallel = 1;
				LastSwiftUpdateCheck = 1320;
				LastUpgradeCheck = 1320;
				TargetAttributes = {
					98B5516A2784D78900AC9086 = {
						CreatedOnToolsVersion = 13.2.1;
					};
					98B5517A2784D78F00AC9086 = {
						CreatedOnToolsVersion = 13.2.1;
						TestTargetID = 98B5516A2784D78900AC9086;
					};
					98B551842784D78F00AC9086 = {
						CreatedOnToolsVersion = 13.2.1;
						TestTargetID = 98B5516A2784D78900AC9086;
					};
				};
			};
			buildConfigurationList = 98B551662784D78900AC9086 /* Build configuration list for PBXProject "SpaceApp" */;
			compatibilityVersion = "Xcode 13.0";
			developmentRegion = en;
			hasScannedForEncodings = 0;
			knownRegions = (
				en,
				Base,
			);
			mainGroup = 98B551622784D78900AC9086;
			productRefGroup = 98B5516C2784D78900AC9086 /* Products */;
			projectDirPath = "";
			projectRoot = "";
			targets = (
				98B5516A2784D78900AC9086 /* SpaceApp */,
				98B5517A2784D78F00AC9086 /* SpaceAppTests */,
				98B551842784D78F00AC9086 /* SpaceAppUITests */,
			);
		};
/* End PBXProject section */

/* Begin PBXResourcesBuildPhase section */
		98B551692784D78900AC9086 /* Resources */ = {
			isa = PBXResourcesBuildPhase;
			buildActionMask = 2147483647;
			files = (
				98B551762784D78E00AC9086 /* Preview Assets.xcassets in Resources */,
				98B551732784D78E00AC9086 /* Assets.xcassets in Resources */,
			);
			runOnlyForDeploymentPostprocessing = 0;
		};
		98B551792784D78F00AC9086 /* Resources */ = {
			isa = PBXResourcesBuildPhase;
			buildActionMask = 2147483647;
			files = (
			);
			runOnlyForDeploymentPostprocessing = 0;
		};
		98B551832784D78F00AC9086 /* Resources */ = {
			isa = PBXResourcesBuildPhase;
			buildActionMask = 2147483647;
			files = (
			);
			runOnlyForDeploymentPostprocessing = 0;
		};
/* End PBXResourcesBuildPhase section */

/* Begin PBXSourcesBuildPhase section */
		98B551672784D78900AC9086 /* Sources */ = {
			isa = PBXSourcesBuildPhase;
			buildActionMask = 2147483647;
			files = (
				98B551712784D78900AC9086 /* HomeView.swift in Sources */,
				98BDC9852784F880003820AD /* HTTPHeaderField.swift in Sources */,
				98B5516F2784D78900AC9086 /* SpaceAppApp.swift in Sources */,
				98BDC9832784F86F003820AD /* HTTPClient.swift in Sources */,
				98BDC98B2784F8B5003820AD /* HTTPMethod.swift in Sources */,
				98BDC9892784F891003820AD /* NetworkClient.swift in Sources */,
				98BDC9872784F888003820AD /* Response.swift in Sources */,
				98BDC98D2784F928003820AD /* SpaceXAPIClient.swift in Sources */,
				98BDC9812784F865003820AD /* ContentType.swift in Sources */,
				98BDC98F2784F9D1003820AD /* AllLaunchesResponse.swift in Sources */,
			);
			runOnlyForDeploymentPostprocessing = 0;
		};
		98B551772784D78F00AC9086 /* Sources */ = {
			isa = PBXSourcesBuildPhase;
			buildActionMask = 2147483647;
			files = (
				98B551802784D78F00AC9086 /* SpaceAppTests.swift in Sources */,
			);
			runOnlyForDeploymentPostprocessing = 0;
		};
		98B551812784D78F00AC9086 /* Sources */ = {
			isa = PBXSourcesBuildPhase;
			buildActionMask = 2147483647;
			files = (
				98B5518C2784D78F00AC9086 /* SpaceAppUITestsLaunchTests.swift in Sources */,
				98B5518A2784D78F00AC9086 /* SpaceAppUITests.swift in Sources */,
			);
			runOnlyForDeploymentPostprocessing = 0;
		};
/* End PBXSourcesBuildPhase section */

/* Begin PBXTargetDependency section */
		98B5517D2784D78F00AC9086 /* PBXTargetDependency */ = {
			isa = PBXTargetDependency;
			target = 98B5516A2784D78900AC9086 /* SpaceApp */;
			targetProxy = 98B5517C2784D78F00AC9086 /* PBXContainerItemProxy */;
		};
		98B551872784D78F00AC9086 /* PBXTargetDependency */ = {
			isa = PBXTargetDependency;
			target = 98B5516A2784D78900AC9086 /* SpaceApp */;
			targetProxy = 98B551862784D78F00AC9086 /* PBXContainerItemProxy */;
		};
/* End PBXTargetDependency section */

/* Begin XCBuildConfiguration section */
		98B5518D2784D78F00AC9086 /* Debug */ = {
			isa = XCBuildConfiguration;
			buildSettings = {
				ALWAYS_SEARCH_USER_PATHS = NO;
				CLANG_ANALYZER_NONNULL = YES;
				CLANG_ANALYZER_NUMBER_OBJECT_CONVERSION = YES_AGGRESSIVE;
				CLANG_CXX_LANGUAGE_STANDARD = "gnu++17";
				CLANG_CXX_LIBRARY = "libc++";
				CLANG_ENABLE_MODULES = YES;
				CLANG_ENABLE_OBJC_ARC = YES;
				CLANG_ENABLE_OBJC_WEAK = YES;
				CLANG_WARN_BLOCK_CAPTURE_AUTORELEASING = YES;
				CLANG_WARN_BOOL_CONVERSION = YES;
				CLANG_WARN_COMMA = YES;
				CLANG_WARN_CONSTANT_CONVERSION = YES;
				CLANG_WARN_DEPRECATED_OBJC_IMPLEMENTATIONS = YES;
				CLANG_WARN_DIRECT_OBJC_ISA_USAGE = YES_ERROR;
				CLANG_WARN_DOCUMENTATION_COMMENTS = YES;
				CLANG_WARN_EMPTY_BODY = YES;
				CLANG_WARN_ENUM_CONVERSION = YES;
				CLANG_WARN_INFINITE_RECURSION = YES;
				CLANG_WARN_INT_CONVERSION = YES;
				CLANG_WARN_NON_LITERAL_NULL_CONVERSION = YES;
				CLANG_WARN_OBJC_IMPLICIT_RETAIN_SELF = YES;
				CLANG_WARN_OBJC_LITERAL_CONVERSION = YES;
				CLANG_WARN_OBJC_ROOT_CLASS = YES_ERROR;
				CLANG_WARN_QUOTED_INCLUDE_IN_FRAMEWORK_HEADER = YES;
				CLANG_WARN_RANGE_LOOP_ANALYSIS = YES;
				CLANG_WARN_STRICT_PROTOTYPES = YES;
				CLANG_WARN_SUSPICIOUS_MOVE = YES;
				CLANG_WARN_UNGUARDED_AVAILABILITY = YES_AGGRESSIVE;
				CLANG_WARN_UNREACHABLE_CODE = YES;
				CLANG_WARN__DUPLICATE_METHOD_MATCH = YES;
				COPY_PHASE_STRIP = NO;
				DEBUG_INFORMATION_FORMAT = dwarf;
				ENABLE_STRICT_OBJC_MSGSEND = YES;
				ENABLE_TESTABILITY = YES;
				GCC_C_LANGUAGE_STANDARD = gnu11;
				GCC_DYNAMIC_NO_PIC = NO;
				GCC_NO_COMMON_BLOCKS = YES;
				GCC_OPTIMIZATION_LEVEL = 0;
				GCC_PREPROCESSOR_DEFINITIONS = (
					"DEBUG=1",
					"$(inherited)",
				);
				GCC_WARN_64_TO_32_BIT_CONVERSION = YES;
				GCC_WARN_ABOUT_RETURN_TYPE = YES_ERROR;
				GCC_WARN_UNDECLARED_SELECTOR = YES;
				GCC_WARN_UNINITIALIZED_AUTOS = YES_AGGRESSIVE;
				GCC_WARN_UNUSED_FUNCTION = YES;
				GCC_WARN_UNUSED_VARIABLE = YES;
				IPHONEOS_DEPLOYMENT_TARGET = 15.2;
				MTL_ENABLE_DEBUG_INFO = INCLUDE_SOURCE;
				MTL_FAST_MATH = YES;
				ONLY_ACTIVE_ARCH = YES;
				SDKROOT = iphoneos;
				SWIFT_ACTIVE_COMPILATION_CONDITIONS = DEBUG;
				SWIFT_OPTIMIZATION_LEVEL = "-Onone";
			};
			name = Debug;
		};
		98B5518E2784D78F00AC9086 /* Release */ = {
			isa = XCBuildConfiguration;
			buildSettings = {
				ALWAYS_SEARCH_USER_PATHS = NO;
				CLANG_ANALYZER_NONNULL = YES;
				CLANG_ANALYZER_NUMBER_OBJECT_CONVERSION = YES_AGGRESSIVE;
				CLANG_CXX_LANGUAGE_STANDARD = "gnu++17";
				CLANG_CXX_LIBRARY = "libc++";
				CLANG_ENABLE_MODULES = YES;
				CLANG_ENABLE_OBJC_ARC = YES;
				CLANG_ENABLE_OBJC_WEAK = YES;
				CLANG_WARN_BLOCK_CAPTURE_AUTORELEASING = YES;
				CLANG_WARN_BOOL_CONVERSION = YES;
				CLANG_WARN_COMMA = YES;
				CLANG_WARN_CONSTANT_CONVERSION = YES;
				CLANG_WARN_DEPRECATED_OBJC_IMPLEMENTATIONS = YES;
				CLANG_WARN_DIRECT_OBJC_ISA_USAGE = YES_ERROR;
				CLANG_WARN_DOCUMENTATION_COMMENTS = YES;
				CLANG_WARN_EMPTY_BODY = YES;
				CLANG_WARN_ENUM_CONVERSION = YES;
				CLANG_WARN_INFINITE_RECURSION = YES;
				CLANG_WARN_INT_CONVERSION = YES;
				CLANG_WARN_NON_LITERAL_NULL_CONVERSION = YES;
				CLANG_WARN_OBJC_IMPLICIT_RETAIN_SELF = YES;
				CLANG_WARN_OBJC_LITERAL_CONVERSION = YES;
				CLANG_WARN_OBJC_ROOT_CLASS = YES_ERROR;
				CLANG_WARN_QUOTED_INCLUDE_IN_FRAMEWORK_HEADER = YES;
				CLANG_WARN_RANGE_LOOP_ANALYSIS = YES;
				CLANG_WARN_STRICT_PROTOTYPES = YES;
				CLANG_WARN_SUSPICIOUS_MOVE = YES;
				CLANG_WARN_UNGUARDED_AVAILABILITY = YES_AGGRESSIVE;
				CLANG_WARN_UNREACHABLE_CODE = YES;
				CLANG_WARN__DUPLICATE_METHOD_MATCH = YES;
				COPY_PHASE_STRIP = NO;
				DEBUG_INFORMATION_FORMAT = "dwarf-with-dsym";
				ENABLE_NS_ASSERTIONS = NO;
				ENABLE_STRICT_OBJC_MSGSEND = YES;
				GCC_C_LANGUAGE_STANDARD = gnu11;
				GCC_NO_COMMON_BLOCKS = YES;
				GCC_WARN_64_TO_32_BIT_CONVERSION = YES;
				GCC_WARN_ABOUT_RETURN_TYPE = YES_ERROR;
				GCC_WARN_UNDECLARED_SELECTOR = YES;
				GCC_WARN_UNINITIALIZED_AUTOS = YES_AGGRESSIVE;
				GCC_WARN_UNUSED_FUNCTION = YES;
				GCC_WARN_UNUSED_VARIABLE = YES;
				IPHONEOS_DEPLOYMENT_TARGET = 15.2;
				MTL_ENABLE_DEBUG_INFO = NO;
				MTL_FAST_MATH = YES;
				SDKROOT = iphoneos;
				SWIFT_COMPILATION_MODE = wholemodule;
				SWIFT_OPTIMIZATION_LEVEL = "-O";
				VALIDATE_PRODUCT = YES;
			};
			name = Release;
		};
		98B551902784D78F00AC9086 /* Debug */ = {
			isa = XCBuildConfiguration;
			buildSettings = {
				ASSETCATALOG_COMPILER_APPICON_NAME = AppIcon;
				ASSETCATALOG_COMPILER_GLOBAL_ACCENT_COLOR_NAME = AccentColor;
				CODE_SIGN_STYLE = Automatic;
				CURRENT_PROJECT_VERSION = 1;
				DEVELOPMENT_ASSET_PATHS = "\"SpaceApp/Preview Content\"";
				DEVELOPMENT_TEAM = B8F644M47X;
				ENABLE_PREVIEWS = YES;
				GENERATE_INFOPLIST_FILE = YES;
				INFOPLIST_FILE = SpaceApp/Resources/Info.plist;
				INFOPLIST_KEY_UIApplicationSceneManifest_Generation = YES;
				INFOPLIST_KEY_UIApplicationSupportsIndirectInputEvents = YES;
				INFOPLIST_KEY_UILaunchScreen_Generation = YES;
				INFOPLIST_KEY_UISupportedInterfaceOrientations_iPad = "UIInterfaceOrientationPortrait UIInterfaceOrientationPortraitUpsideDown UIInterfaceOrientationLandscapeLeft UIInterfaceOrientationLandscapeRight";
				INFOPLIST_KEY_UISupportedInterfaceOrientations_iPhone = "UIInterfaceOrientationPortrait UIInterfaceOrientationLandscapeLeft UIInterfaceOrientationLandscapeRight";
				LD_RUNPATH_SEARCH_PATHS = (
					"$(inherited)",
					"@executable_path/Frameworks",
				);
				MARKETING_VERSION = 1.0;
				PRODUCT_BUNDLE_IDENTIFIER = com.devpass.SpaceApp;
				PRODUCT_NAME = "$(TARGET_NAME)";
				SWIFT_EMIT_LOC_STRINGS = YES;
				SWIFT_VERSION = 5.0;
				TARGETED_DEVICE_FAMILY = "1,2";
			};
			name = Debug;
		};
		98B551912784D78F00AC9086 /* Release */ = {
			isa = XCBuildConfiguration;
			buildSettings = {
				ASSETCATALOG_COMPILER_APPICON_NAME = AppIcon;
				ASSETCATALOG_COMPILER_GLOBAL_ACCENT_COLOR_NAME = AccentColor;
				CODE_SIGN_STYLE = Automatic;
				CURRENT_PROJECT_VERSION = 1;
				DEVELOPMENT_ASSET_PATHS = "\"SpaceApp/Preview Content\"";
				DEVELOPMENT_TEAM = B8F644M47X;
				ENABLE_PREVIEWS = YES;
				GENERATE_INFOPLIST_FILE = YES;
				INFOPLIST_FILE = SpaceApp/Resources/Info.plist;
				INFOPLIST_KEY_UIApplicationSceneManifest_Generation = YES;
				INFOPLIST_KEY_UIApplicationSupportsIndirectInputEvents = YES;
				INFOPLIST_KEY_UILaunchScreen_Generation = YES;
				INFOPLIST_KEY_UISupportedInterfaceOrientations_iPad = "UIInterfaceOrientationPortrait UIInterfaceOrientationPortraitUpsideDown UIInterfaceOrientationLandscapeLeft UIInterfaceOrientationLandscapeRight";
				INFOPLIST_KEY_UISupportedInterfaceOrientations_iPhone = "UIInterfaceOrientationPortrait UIInterfaceOrientationLandscapeLeft UIInterfaceOrientationLandscapeRight";
				LD_RUNPATH_SEARCH_PATHS = (
					"$(inherited)",
					"@executable_path/Frameworks",
				);
				MARKETING_VERSION = 1.0;
				PRODUCT_BUNDLE_IDENTIFIER = com.devpass.SpaceApp;
				PRODUCT_NAME = "$(TARGET_NAME)";
				SWIFT_EMIT_LOC_STRINGS = YES;
				SWIFT_VERSION = 5.0;
				TARGETED_DEVICE_FAMILY = "1,2";
			};
			name = Release;
		};
		98B551932784D78F00AC9086 /* Debug */ = {
			isa = XCBuildConfiguration;
			buildSettings = {
				ALWAYS_EMBED_SWIFT_STANDARD_LIBRARIES = YES;
				BUNDLE_LOADER = "$(TEST_HOST)";
				CODE_SIGN_STYLE = Automatic;
				CURRENT_PROJECT_VERSION = 1;
				DEVELOPMENT_TEAM = B8F644M47X;
				GENERATE_INFOPLIST_FILE = YES;
				IPHONEOS_DEPLOYMENT_TARGET = 15.2;
				MARKETING_VERSION = 1.0;
				PRODUCT_BUNDLE_IDENTIFIER = com.devpass.SpaceAppTests;
				PRODUCT_NAME = "$(TARGET_NAME)";
				SWIFT_EMIT_LOC_STRINGS = NO;
				SWIFT_VERSION = 5.0;
				TARGETED_DEVICE_FAMILY = "1,2";
				TEST_HOST = "$(BUILT_PRODUCTS_DIR)/SpaceApp.app/SpaceApp";
			};
			name = Debug;
		};
		98B551942784D78F00AC9086 /* Release */ = {
			isa = XCBuildConfiguration;
			buildSettings = {
				ALWAYS_EMBED_SWIFT_STANDARD_LIBRARIES = YES;
				BUNDLE_LOADER = "$(TEST_HOST)";
				CODE_SIGN_STYLE = Automatic;
				CURRENT_PROJECT_VERSION = 1;
				DEVELOPMENT_TEAM = B8F644M47X;
				GENERATE_INFOPLIST_FILE = YES;
				IPHONEOS_DEPLOYMENT_TARGET = 15.2;
				MARKETING_VERSION = 1.0;
				PRODUCT_BUNDLE_IDENTIFIER = com.devpass.SpaceAppTests;
				PRODUCT_NAME = "$(TARGET_NAME)";
				SWIFT_EMIT_LOC_STRINGS = NO;
				SWIFT_VERSION = 5.0;
				TARGETED_DEVICE_FAMILY = "1,2";
				TEST_HOST = "$(BUILT_PRODUCTS_DIR)/SpaceApp.app/SpaceApp";
			};
			name = Release;
		};
		98B551962784D78F00AC9086 /* Debug */ = {
			isa = XCBuildConfiguration;
			buildSettings = {
				ALWAYS_EMBED_SWIFT_STANDARD_LIBRARIES = YES;
				CODE_SIGN_STYLE = Automatic;
				CURRENT_PROJECT_VERSION = 1;
				DEVELOPMENT_TEAM = B8F644M47X;
				GENERATE_INFOPLIST_FILE = YES;
				MARKETING_VERSION = 1.0;
				PRODUCT_BUNDLE_IDENTIFIER = com.devpass.SpaceAppUITests;
				PRODUCT_NAME = "$(TARGET_NAME)";
				SWIFT_EMIT_LOC_STRINGS = NO;
				SWIFT_VERSION = 5.0;
				TARGETED_DEVICE_FAMILY = "1,2";
				TEST_TARGET_NAME = SpaceApp;
			};
			name = Debug;
		};
		98B551972784D78F00AC9086 /* Release */ = {
			isa = XCBuildConfiguration;
			buildSettings = {
				ALWAYS_EMBED_SWIFT_STANDARD_LIBRARIES = YES;
				CODE_SIGN_STYLE = Automatic;
				CURRENT_PROJECT_VERSION = 1;
				DEVELOPMENT_TEAM = B8F644M47X;
				GENERATE_INFOPLIST_FILE = YES;
				MARKETING_VERSION = 1.0;
				PRODUCT_BUNDLE_IDENTIFIER = com.devpass.SpaceAppUITests;
				PRODUCT_NAME = "$(TARGET_NAME)";
				SWIFT_EMIT_LOC_STRINGS = NO;
				SWIFT_VERSION = 5.0;
				TARGETED_DEVICE_FAMILY = "1,2";
				TEST_TARGET_NAME = SpaceApp;
			};
			name = Release;
		};
/* End XCBuildConfiguration section */

/* Begin XCConfigurationList section */
		98B551662784D78900AC9086 /* Build configuration list for PBXProject "SpaceApp" */ = {
			isa = XCConfigurationList;
			buildConfigurations = (
				98B5518D2784D78F00AC9086 /* Debug */,
				98B5518E2784D78F00AC9086 /* Release */,
			);
			defaultConfigurationIsVisible = 0;
			defaultConfigurationName = Release;
		};
		98B5518F2784D78F00AC9086 /* Build configuration list for PBXNativeTarget "SpaceApp" */ = {
			isa = XCConfigurationList;
			buildConfigurations = (
				98B551902784D78F00AC9086 /* Debug */,
				98B551912784D78F00AC9086 /* Release */,
			);
			defaultConfigurationIsVisible = 0;
			defaultConfigurationName = Release;
		};
		98B551922784D78F00AC9086 /* Build configuration list for PBXNativeTarget "SpaceAppTests" */ = {
			isa = XCConfigurationList;
			buildConfigurations = (
				98B551932784D78F00AC9086 /* Debug */,
				98B551942784D78F00AC9086 /* Release */,
			);
			defaultConfigurationIsVisible = 0;
			defaultConfigurationName = Release;
		};
		98B551952784D78F00AC9086 /* Build configuration list for PBXNativeTarget "SpaceAppUITests" */ = {
			isa = XCConfigurationList;
			buildConfigurations = (
				98B551962784D78F00AC9086 /* Debug */,
				98B551972784D78F00AC9086 /* Release */,
			);
			defaultConfigurationIsVisible = 0;
			defaultConfigurationName = Release;
		};
/* End XCConfigurationList section */
	};
	rootObject = 98B551632784D78900AC9086 /* Project object */;
}
